// !$*UTF8*$!
{
	archiveVersion = 1;
	classes = {
	};
	objectVersion = 56;
	objects = {

/* Begin PBXBuildFile section */
		7878C3792D12BC370054347D /* DRxBaseCell.swift in Sources */ = {isa = PBXBuildFile; fileRef = 7878C34C2D12BC370054347D /* DRxBaseCell.swift */; };
		7878C37A2D12BC370054347D /* DRxBaseModel.swift in Sources */ = {isa = PBXBuildFile; fileRef = 7878C34D2D12BC370054347D /* DRxBaseModel.swift */; };
		7878C37B2D12BC370054347D /* DRxDataSource.swift in Sources */ = {isa = PBXBuildFile; fileRef = 7878C34E2D12BC370054347D /* DRxDataSource.swift */; };
		7878C37C2D12BC370054347D /* DRxEmptyView.swift in Sources */ = {isa = PBXBuildFile; fileRef = 7878C34F2D12BC370054347D /* DRxEmptyView.swift */; };
		7878C37D2D12BC370054347D /* DRxProtocols.swift in Sources */ = {isa = PBXBuildFile; fileRef = 7878C3502D12BC370054347D /* DRxProtocols.swift */; };
		7878C37E2D12BC370054347D /* DRxSupplementaryView.swift in Sources */ = {isa = PBXBuildFile; fileRef = 7878C3512D12BC370054347D /* DRxSupplementaryView.swift */; };
		7878C37F2D12BC370054347D /* DRxTableView.swift in Sources */ = {isa = PBXBuildFile; fileRef = 7878C3522D12BC370054347D /* DRxTableView.swift */; };
		7878C3802D12BC370054347D /* DRxTableView+Rx.swift in Sources */ = {isa = PBXBuildFile; fileRef = 7878C3532D12BC370054347D /* DRxTableView+Rx.swift */; };
		7878C3812D12BC370054347D /* DRxTypes.swift in Sources */ = {isa = PBXBuildFile; fileRef = 7878C3542D12BC370054347D /* DRxTypes.swift */; };
		7878C3822D12BC370054347D /* DRxConstants.swift in Sources */ = {isa = PBXBuildFile; fileRef = 7878C3562D12BC370054347D /* DRxConstants.swift */; };
		7878C3832D12BC370054347D /* DRxExtensions.swift in Sources */ = {isa = PBXBuildFile; fileRef = 7878C3572D12BC370054347D /* DRxExtensions.swift */; };
		7878C3842D12BC370054347D /* DRxHeightCache.swift in Sources */ = {isa = PBXBuildFile; fileRef = 7878C3582D12BC370054347D /* DRxHeightCache.swift */; };
		7878C3852D12BC370054347D /* todo.md in Resources */ = {isa = PBXBuildFile; fileRef = 7878C35A2D12BC370054347D /* todo.md */; };
		7878C3862D12BC370054347D /* CustomFooterView.swift in Sources */ = {isa = PBXBuildFile; fileRef = 7878C35C2D12BC370054347D /* CustomFooterView.swift */; };
		7878C3872D12BC370054347D /* CustomHeaderView.swift in Sources */ = {isa = PBXBuildFile; fileRef = 7878C35D2D12BC370054347D /* CustomHeaderView.swift */; };
		7878C3882D12BC370054347D /* FooterViewModel.swift in Sources */ = {isa = PBXBuildFile; fileRef = 7878C35E2D12BC370054347D /* FooterViewModel.swift */; };
		7878C3892D12BC370054347D /* HeaderViewModel.swift in Sources */ = {isa = PBXBuildFile; fileRef = 7878C35F2D12BC370054347D /* HeaderViewModel.swift */; };
		7878C38A2D12BC370054347D /* NewsActionCell.swift in Sources */ = {isa = PBXBuildFile; fileRef = 7878C3602D12BC370054347D /* NewsActionCell.swift */; };
		7878C38B2D12BC370054347D /* NewsCell.swift in Sources */ = {isa = PBXBuildFile; fileRef = 7878C3612D12BC370054347D /* NewsCell.swift */; };
		7878C38C2D12BC370054347D /* NewsImageCell.swift in Sources */ = {isa = PBXBuildFile; fileRef = 7878C3622D12BC370054347D /* NewsImageCell.swift */; };
		7878C38D2D12BC370054347D /* NewsListViewController.swift in Sources */ = {isa = PBXBuildFile; fileRef = 7878C3632D12BC370054347D /* NewsListViewController.swift */; };
		7878C38E2D12BC370054347D /* NewsListViewModel.swift in Sources */ = {isa = PBXBuildFile; fileRef = 7878C3642D12BC370054347D /* NewsListViewModel.swift */; };
		7878C38F2D12BC370054347D /* NewsModel.swift in Sources */ = {isa = PBXBuildFile; fileRef = 7878C3652D12BC370054347D /* NewsModel.swift */; };
		7878C3902D12BC370054347D /* NewsNestedCell.swift in Sources */ = {isa = PBXBuildFile; fileRef = 7878C3662D12BC370054347D /* NewsNestedCell.swift */; };
		7878C3912D12BC370054347D /* NewsSubCell.swift in Sources */ = {isa = PBXBuildFile; fileRef = 7878C3672D12BC370054347D /* NewsSubCell.swift */; };
		7878C3922D12BC370054347D /* NewsSubModel.swift in Sources */ = {isa = PBXBuildFile; fileRef = 7878C3682D12BC370054347D /* NewsSubModel.swift */; };
		7878C3932D12BC370054347D /* NewsTextInputCell.swift in Sources */ = {isa = PBXBuildFile; fileRef = 7878C3692D12BC370054347D /* NewsTextInputCell.swift */; };
		7878C3942D12BC370054347D /* UIView+Toast.swift in Sources */ = {isa = PBXBuildFile; fileRef = 7878C36C2D12BC370054347D /* UIView+Toast.swift */; };
		7878C3952D12BC370054347D /* AppDelegate.swift in Sources */ = {isa = PBXBuildFile; fileRef = 7878C36E2D12BC370054347D /* AppDelegate.swift */; };
		7878C3962D12BC370054347D /* SceneDelegate.swift in Sources */ = {isa = PBXBuildFile; fileRef = 7878C36F2D12BC370054347D /* SceneDelegate.swift */; };
		7878C3972D12BC370054347D /* ViewController.swift in Sources */ = {isa = PBXBuildFile; fileRef = 7878C3702D12BC370054347D /* ViewController.swift */; };
		7878C3982D12BC370054347D /* Assets.xcassets in Resources */ = {isa = PBXBuildFile; fileRef = 7878C3722D12BC370054347D /* Assets.xcassets */; };
		7878C39A2D12BC370054347D /* LaunchScreen.storyboard in Resources */ = {isa = PBXBuildFile; fileRef = 7878C3752D12BC370054347D /* LaunchScreen.storyboard */; };
		7878C39B2D12BC370054347D /* Main.storyboard in Resources */ = {isa = PBXBuildFile; fileRef = 7878C3772D12BC370054347D /* Main.storyboard */; };
		CBBEE78B9B3A5C4C500C82CD /* Pods_RACTableView_Swift.framework in Frameworks */ = {isa = PBXBuildFile; fileRef = 6E17F253328A51DCDC9D86B8 /* Pods_RACTableView_Swift.framework */; };
/* End PBXBuildFile section */

/* Begin PBXFileReference section */
		4B5D20640FFD189DB2199BBA /* Pods-RACTableView-Swift.release.xcconfig */ = {isa = PBXFileReference; includeInIndex = 1; lastKnownFileType = text.xcconfig; name = "Pods-RACTableView-Swift.release.xcconfig"; path = "Target Support Files/Pods-RACTableView-Swift/Pods-RACTableView-Swift.release.xcconfig"; sourceTree = "<group>"; };
		6E17F253328A51DCDC9D86B8 /* Pods_RACTableView_Swift.framework */ = {isa = PBXFileReference; explicitFileType = wrapper.framework; includeInIndex = 0; path = Pods_RACTableView_Swift.framework; sourceTree = BUILT_PRODUCTS_DIR; };
		780EFDFD2D0C10BB00537240 /* RACTableView-Swift.app */ = {isa = PBXFileReference; explicitFileType = wrapper.application; includeInIndex = 0; path = "RACTableView-Swift.app"; sourceTree = BUILT_PRODUCTS_DIR; };
		7878C34C2D12BC370054347D /* DRxBaseCell.swift */ = {isa = PBXFileReference; fileEncoding = 4; lastKnownFileType = sourcecode.swift; path = DRxBaseCell.swift; sourceTree = "<group>"; };
		7878C34D2D12BC370054347D /* DRxBaseModel.swift */ = {isa = PBXFileReference; fileEncoding = 4; lastKnownFileType = sourcecode.swift; path = DRxBaseModel.swift; sourceTree = "<group>"; };
		7878C34E2D12BC370054347D /* DRxDataSource.swift */ = {isa = PBXFileReference; fileEncoding = 4; lastKnownFileType = sourcecode.swift; path = DRxDataSource.swift; sourceTree = "<group>"; };
		7878C34F2D12BC370054347D /* DRxEmptyView.swift */ = {isa = PBXFileReference; fileEncoding = 4; lastKnownFileType = sourcecode.swift; path = DRxEmptyView.swift; sourceTree = "<group>"; };
		7878C3502D12BC370054347D /* DRxProtocols.swift */ = {isa = PBXFileReference; fileEncoding = 4; lastKnownFileType = sourcecode.swift; path = DRxProtocols.swift; sourceTree = "<group>"; };
		7878C3512D12BC370054347D /* DRxSupplementaryView.swift */ = {isa = PBXFileReference; fileEncoding = 4; lastKnownFileType = sourcecode.swift; path = DRxSupplementaryView.swift; sourceTree = "<group>"; };
		7878C3522D12BC370054347D /* DRxTableView.swift */ = {isa = PBXFileReference; fileEncoding = 4; lastKnownFileType = sourcecode.swift; path = DRxTableView.swift; sourceTree = "<group>"; };
		7878C3532D12BC370054347D /* DRxTableView+Rx.swift */ = {isa = PBXFileReference; fileEncoding = 4; lastKnownFileType = sourcecode.swift; path = "DRxTableView+Rx.swift"; sourceTree = "<group>"; };
		7878C3542D12BC370054347D /* DRxTypes.swift */ = {isa = PBXFileReference; fileEncoding = 4; lastKnownFileType = sourcecode.swift; path = DRxTypes.swift; sourceTree = "<group>"; };
		7878C3562D12BC370054347D /* DRxConstants.swift */ = {isa = PBXFileReference; fileEncoding = 4; lastKnownFileType = sourcecode.swift; path = DRxConstants.swift; sourceTree = "<group>"; };
		7878C3572D12BC370054347D /* DRxExtensions.swift */ = {isa = PBXFileReference; fileEncoding = 4; lastKnownFileType = sourcecode.swift; path = DRxExtensions.swift; sourceTree = "<group>"; };
		7878C3582D12BC370054347D /* DRxHeightCache.swift */ = {isa = PBXFileReference; fileEncoding = 4; lastKnownFileType = sourcecode.swift; path = DRxHeightCache.swift; sourceTree = "<group>"; };
		7878C35A2D12BC370054347D /* todo.md */ = {isa = PBXFileReference; fileEncoding = 4; lastKnownFileType = net.daringfireball.markdown; path = todo.md; sourceTree = "<group>"; };
		7878C35C2D12BC370054347D /* CustomFooterView.swift */ = {isa = PBXFileReference; fileEncoding = 4; lastKnownFileType = sourcecode.swift; path = CustomFooterView.swift; sourceTree = "<group>"; };
		7878C35D2D12BC370054347D /* CustomHeaderView.swift */ = {isa = PBXFileReference; fileEncoding = 4; lastKnownFileType = sourcecode.swift; path = CustomHeaderView.swift; sourceTree = "<group>"; };
		7878C35E2D12BC370054347D /* FooterViewModel.swift */ = {isa = PBXFileReference; fileEncoding = 4; lastKnownFileType = sourcecode.swift; path = FooterViewModel.swift; sourceTree = "<group>"; };
		7878C35F2D12BC370054347D /* HeaderViewModel.swift */ = {isa = PBXFileReference; fileEncoding = 4; lastKnownFileType = sourcecode.swift; path = HeaderViewModel.swift; sourceTree = "<group>"; };
		7878C3602D12BC370054347D /* NewsActionCell.swift */ = {isa = PBXFileReference; fileEncoding = 4; lastKnownFileType = sourcecode.swift; path = NewsActionCell.swift; sourceTree = "<group>"; };
		7878C3612D12BC370054347D /* NewsCell.swift */ = {isa = PBXFileReference; fileEncoding = 4; lastKnownFileType = sourcecode.swift; path = NewsCell.swift; sourceTree = "<group>"; };
		7878C3622D12BC370054347D /* NewsImageCell.swift */ = {isa = PBXFileReference; fileEncoding = 4; lastKnownFileType = sourcecode.swift; path = NewsImageCell.swift; sourceTree = "<group>"; };
		7878C3632D12BC370054347D /* NewsListViewController.swift */ = {isa = PBXFileReference; fileEncoding = 4; lastKnownFileType = sourcecode.swift; path = NewsListViewController.swift; sourceTree = "<group>"; };
		7878C3642D12BC370054347D /* NewsListViewModel.swift */ = {isa = PBXFileReference; fileEncoding = 4; lastKnownFileType = sourcecode.swift; path = NewsListViewModel.swift; sourceTree = "<group>"; };
		7878C3652D12BC370054347D /* NewsModel.swift */ = {isa = PBXFileReference; fileEncoding = 4; lastKnownFileType = sourcecode.swift; path = NewsModel.swift; sourceTree = "<group>"; };
		7878C3662D12BC370054347D /* NewsNestedCell.swift */ = {isa = PBXFileReference; fileEncoding = 4; lastKnownFileType = sourcecode.swift; path = NewsNestedCell.swift; sourceTree = "<group>"; };
		7878C3672D12BC370054347D /* NewsSubCell.swift */ = {isa = PBXFileReference; fileEncoding = 4; lastKnownFileType = sourcecode.swift; path = NewsSubCell.swift; sourceTree = "<group>"; };
		7878C3682D12BC370054347D /* NewsSubModel.swift */ = {isa = PBXFileReference; fileEncoding = 4; lastKnownFileType = sourcecode.swift; path = NewsSubModel.swift; sourceTree = "<group>"; };
		7878C3692D12BC370054347D /* NewsTextInputCell.swift */ = {isa = PBXFileReference; fileEncoding = 4; lastKnownFileType = sourcecode.swift; path = NewsTextInputCell.swift; sourceTree = "<group>"; };
		7878C36C2D12BC370054347D /* UIView+Toast.swift */ = {isa = PBXFileReference; fileEncoding = 4; lastKnownFileType = sourcecode.swift; path = "UIView+Toast.swift"; sourceTree = "<group>"; };
		7878C36E2D12BC370054347D /* AppDelegate.swift */ = {isa = PBXFileReference; fileEncoding = 4; lastKnownFileType = sourcecode.swift; path = AppDelegate.swift; sourceTree = "<group>"; };
		7878C36F2D12BC370054347D /* SceneDelegate.swift */ = {isa = PBXFileReference; fileEncoding = 4; lastKnownFileType = sourcecode.swift; path = SceneDelegate.swift; sourceTree = "<group>"; };
		7878C3702D12BC370054347D /* ViewController.swift */ = {isa = PBXFileReference; fileEncoding = 4; lastKnownFileType = sourcecode.swift; path = ViewController.swift; sourceTree = "<group>"; };
		7878C3722D12BC370054347D /* Assets.xcassets */ = {isa = PBXFileReference; lastKnownFileType = folder.assetcatalog; path = Assets.xcassets; sourceTree = "<group>"; };
		7878C3732D12BC370054347D /* Info.plist */ = {isa = PBXFileReference; fileEncoding = 4; lastKnownFileType = text.plist.xml; path = Info.plist; sourceTree = "<group>"; };
		7878C3742D12BC370054347D /* Base */ = {isa = PBXFileReference; lastKnownFileType = file.storyboard; name = Base; path = Base.lproj/LaunchScreen.storyboard; sourceTree = "<group>"; };
		7878C3762D12BC370054347D /* Base */ = {isa = PBXFileReference; lastKnownFileType = file.storyboard; name = Base; path = Base.lproj/Main.storyboard; sourceTree = "<group>"; };
		EC018F36AAD19AF9D19D0B11 /* Pods-RACTableView-Swift.debug.xcconfig */ = {isa = PBXFileReference; includeInIndex = 1; lastKnownFileType = text.xcconfig; name = "Pods-RACTableView-Swift.debug.xcconfig"; path = "Target Support Files/Pods-RACTableView-Swift/Pods-RACTableView-Swift.debug.xcconfig"; sourceTree = "<group>"; };
/* End PBXFileReference section */

/* Begin PBXFrameworksBuildPhase section */
		780EFDFA2D0C10BB00537240 /* Frameworks */ = {
			isa = PBXFrameworksBuildPhase;
			buildActionMask = 2147483647;
			files = (
				CBBEE78B9B3A5C4C500C82CD /* Pods_RACTableView_Swift.framework in Frameworks */,
			);
			runOnlyForDeploymentPostprocessing = 0;
		};
/* End PBXFrameworksBuildPhase section */

/* Begin PBXGroup section */
		2C9B6A8C79869DB3283702FB /* Pods */ = {
			isa = PBXGroup;
			children = (
				EC018F36AAD19AF9D19D0B11 /* Pods-RACTableView-Swift.debug.xcconfig */,
				4B5D20640FFD189DB2199BBA /* Pods-RACTableView-Swift.release.xcconfig */,
			);
			path = Pods;
			sourceTree = "<group>";
		};
		780EFDF42D0C10BB00537240 = {
			isa = PBXGroup;
			children = (
				7878C3782D12BC370054347D /* RACTableView-Swift */,
				780EFDFE2D0C10BB00537240 /* Products */,
				2C9B6A8C79869DB3283702FB /* Pods */,
				F78F465B6C67A763B2BD118E /* Frameworks */,
			);
			sourceTree = "<group>";
		};
		780EFDFE2D0C10BB00537240 /* Products */ = {
			isa = PBXGroup;
			children = (
				780EFDFD2D0C10BB00537240 /* RACTableView-Swift.app */,
			);
			name = Products;
			sourceTree = "<group>";
		};
		7878C3552D12BC370054347D /* Core */ = {
			isa = PBXGroup;
			children = (
				7878C34C2D12BC370054347D /* DRxBaseCell.swift */,
				7878C34D2D12BC370054347D /* DRxBaseModel.swift */,
				7878C34E2D12BC370054347D /* DRxDataSource.swift */,
				7878C34F2D12BC370054347D /* DRxEmptyView.swift */,
				7878C3502D12BC370054347D /* DRxProtocols.swift */,
				7878C3512D12BC370054347D /* DRxSupplementaryView.swift */,
				7878C3522D12BC370054347D /* DRxTableView.swift */,
				7878C3532D12BC370054347D /* DRxTableView+Rx.swift */,
				7878C3542D12BC370054347D /* DRxTypes.swift */,
			);
			path = Core;
			sourceTree = "<group>";
		};
		7878C3592D12BC370054347D /* Utils */ = {
			isa = PBXGroup;
			children = (
				7878C3562D12BC370054347D /* DRxConstants.swift */,
				7878C3572D12BC370054347D /* DRxExtensions.swift */,
				7878C3582D12BC370054347D /* DRxHeightCache.swift */,
			);
			path = Utils;
			sourceTree = "<group>";
		};
		7878C35B2D12BC370054347D /* DRxTableView */ = {
			isa = PBXGroup;
			children = (
				7878C3552D12BC370054347D /* Core */,
				7878C3592D12BC370054347D /* Utils */,
				7878C35A2D12BC370054347D /* todo.md */,
			);
			path = DRxTableView;
			sourceTree = "<group>";
		};
		7878C36A2D12BC370054347D /* NewsDemo */ = {
			isa = PBXGroup;
			children = (
				7878C35C2D12BC370054347D /* CustomFooterView.swift */,
				7878C35D2D12BC370054347D /* CustomHeaderView.swift */,
				7878C35E2D12BC370054347D /* FooterViewModel.swift */,
				7878C35F2D12BC370054347D /* HeaderViewModel.swift */,
				7878C3602D12BC370054347D /* NewsActionCell.swift */,
				7878C3612D12BC370054347D /* NewsCell.swift */,
				7878C3622D12BC370054347D /* NewsImageCell.swift */,
				7878C3632D12BC370054347D /* NewsListViewController.swift */,
				7878C3642D12BC370054347D /* NewsListViewModel.swift */,
				7878C3652D12BC370054347D /* NewsModel.swift */,
				7878C3662D12BC370054347D /* NewsNestedCell.swift */,
				7878C3672D12BC370054347D /* NewsSubCell.swift */,
				7878C3682D12BC370054347D /* NewsSubModel.swift */,
				7878C3692D12BC370054347D /* NewsTextInputCell.swift */,
			);
			path = NewsDemo;
			sourceTree = "<group>";
		};
		7878C36B2D12BC370054347D /* Examples */ = {
			isa = PBXGroup;
			children = (
				7878C36A2D12BC370054347D /* NewsDemo */,
			);
			path = Examples;
			sourceTree = "<group>";
		};
		7878C36D2D12BC370054347D /* Extensions */ = {
			isa = PBXGroup;
			children = (
				7878C36C2D12BC370054347D /* UIView+Toast.swift */,
			);
			path = Extensions;
			sourceTree = "<group>";
		};
		7878C3712D12BC370054347D /* RACTableView-Swift */ = {
			isa = PBXGroup;
			children = (
				7878C36E2D12BC370054347D /* AppDelegate.swift */,
				7878C36F2D12BC370054347D /* SceneDelegate.swift */,
				7878C3702D12BC370054347D /* ViewController.swift */,
			);
			path = "RACTableView-Swift";
			sourceTree = "<group>";
		};
		7878C3782D12BC370054347D /* RACTableView-Swift */ = {
			isa = PBXGroup;
			children = (
				7878C35B2D12BC370054347D /* DRxTableView */,
				7878C36B2D12BC370054347D /* Examples */,
				7878C36D2D12BC370054347D /* Extensions */,
				7878C3712D12BC370054347D /* RACTableView-Swift */,
				7878C3722D12BC370054347D /* Assets.xcassets */,
				7878C3732D12BC370054347D /* Info.plist */,
				7878C3752D12BC370054347D /* LaunchScreen.storyboard */,
				7878C3772D12BC370054347D /* Main.storyboard */,
			);
			path = "RACTableView-Swift";
			sourceTree = "<group>";
		};
		F78F465B6C67A763B2BD118E /* Frameworks */ = {
			isa = PBXGroup;
			children = (
				6E17F253328A51DCDC9D86B8 /* Pods_RACTableView_Swift.framework */,
			);
			name = Frameworks;
			sourceTree = "<group>";
		};
/* End PBXGroup section */

/* Begin PBXNativeTarget section */
		780EFDFC2D0C10BB00537240 /* RACTableView-Swift */ = {
			isa = PBXNativeTarget;
			buildConfigurationList = 780EFE112D0C10BC00537240 /* Build configuration list for PBXNativeTarget "RACTableView-Swift" */;
			buildPhases = (
				57BA62F8381B9A9F691B5446 /* [CP] Check Pods Manifest.lock */,
				780EFDF92D0C10BB00537240 /* Sources */,
				780EFDFA2D0C10BB00537240 /* Frameworks */,
				780EFDFB2D0C10BB00537240 /* Resources */,
				020DC4D6719D2A40787CDAB3 /* [CP] Embed Pods Frameworks */,
			);
			buildRules = (
			);
			dependencies = (
			);
			name = "RACTableView-Swift";
			productName = "RACTableView-Swift";
			productReference = 780EFDFD2D0C10BB00537240 /* RACTableView-Swift.app */;
			productType = "com.apple.product-type.application";
		};
/* End PBXNativeTarget section */

/* Begin PBXProject section */
		780EFDF52D0C10BB00537240 /* Project object */ = {
			isa = PBXProject;
			attributes = {
				BuildIndependentTargetsInParallel = 1;
				LastSwiftUpdateCheck = 1530;
				LastUpgradeCheck = 1530;
				TargetAttributes = {
					780EFDFC2D0C10BB00537240 = {
						CreatedOnToolsVersion = 15.3;
					};
				};
			};
			buildConfigurationList = 780EFDF82D0C10BB00537240 /* Build configuration list for PBXProject "RACTableView-Swift" */;
			compatibilityVersion = "Xcode 14.0";
			developmentRegion = en;
			hasScannedForEncodings = 0;
			knownRegions = (
				en,
				Base,
			);
			mainGroup = 780EFDF42D0C10BB00537240;
			productRefGroup = 780EFDFE2D0C10BB00537240 /* Products */;
			projectDirPath = "";
			projectRoot = "";
			targets = (
				780EFDFC2D0C10BB00537240 /* RACTableView-Swift */,
			);
		};
/* End PBXProject section */

/* Begin PBXResourcesBuildPhase section */
		780EFDFB2D0C10BB00537240 /* Resources */ = {
			isa = PBXResourcesBuildPhase;
			buildActionMask = 2147483647;
			files = (
				7878C3982D12BC370054347D /* Assets.xcassets in Resources */,
				7878C39B2D12BC370054347D /* Main.storyboard in Resources */,
				7878C39A2D12BC370054347D /* LaunchScreen.storyboard in Resources */,
				7878C3852D12BC370054347D /* todo.md in Resources */,
			);
			runOnlyForDeploymentPostprocessing = 0;
		};
/* End PBXResourcesBuildPhase section */

/* Begin PBXShellScriptBuildPhase section */
		020DC4D6719D2A40787CDAB3 /* [CP] Embed Pods Frameworks */ = {
			isa = PBXShellScriptBuildPhase;
			buildActionMask = 2147483647;
			files = (
			);
			inputFileListPaths = (
				"${PODS_ROOT}/Target Support Files/Pods-RACTableView-Swift/Pods-RACTableView-Swift-frameworks-${CONFIGURATION}-input-files.xcfilelist",
			);
			name = "[CP] Embed Pods Frameworks";
			outputFileListPaths = (
				"${PODS_ROOT}/Target Support Files/Pods-RACTableView-Swift/Pods-RACTableView-Swift-frameworks-${CONFIGURATION}-output-files.xcfilelist",
			);
			runOnlyForDeploymentPostprocessing = 0;
			shellPath = /bin/sh;
			shellScript = "\"${PODS_ROOT}/Target Support Files/Pods-RACTableView-Swift/Pods-RACTableView-Swift-frameworks.sh\"\n";
			showEnvVarsInLog = 0;
		};
		57BA62F8381B9A9F691B5446 /* [CP] Check Pods Manifest.lock */ = {
			isa = PBXShellScriptBuildPhase;
			buildActionMask = 2147483647;
			files = (
			);
			inputFileListPaths = (
			);
			inputPaths = (
				"${PODS_PODFILE_DIR_PATH}/Podfile.lock",
				"${PODS_ROOT}/Manifest.lock",
			);
			name = "[CP] Check Pods Manifest.lock";
			outputFileListPaths = (
			);
			outputPaths = (
				"$(DERIVED_FILE_DIR)/Pods-RACTableView-Swift-checkManifestLockResult.txt",
			);
			runOnlyForDeploymentPostprocessing = 0;
			shellPath = /bin/sh;
			shellScript = "diff \"${PODS_PODFILE_DIR_PATH}/Podfile.lock\" \"${PODS_ROOT}/Manifest.lock\" > /dev/null\nif [ $? != 0 ] ; then\n    # print error to STDERR\n    echo \"error: The sandbox is not in sync with the Podfile.lock. Run 'pod install' or update your CocoaPods installation.\" >&2\n    exit 1\nfi\n# This output is used by Xcode 'outputs' to avoid re-running this script phase.\necho \"SUCCESS\" > \"${SCRIPT_OUTPUT_FILE_0}\"\n";
			showEnvVarsInLog = 0;
		};
/* End PBXShellScriptBuildPhase section */

/* Begin PBXSourcesBuildPhase section */
		780EFDF92D0C10BB00537240 /* Sources */ = {
			isa = PBXSourcesBuildPhase;
			buildActionMask = 2147483647;
			files = (
				7878C3972D12BC370054347D /* ViewController.swift in Sources */,
				7878C3822D12BC370054347D /* DRxConstants.swift in Sources */,
				7878C38A2D12BC370054347D /* NewsActionCell.swift in Sources */,
				7878C37B2D12BC370054347D /* DRxDataSource.swift in Sources */,
				7878C3842D12BC370054347D /* DRxHeightCache.swift in Sources */,
				7878C3952D12BC370054347D /* AppDelegate.swift in Sources */,
				7878C3932D12BC370054347D /* NewsTextInputCell.swift in Sources */,
				7878C3812D12BC370054347D /* DRxTypes.swift in Sources */,
				7878C37F2D12BC370054347D /* DRxTableView.swift in Sources */,
				7878C38F2D12BC370054347D /* NewsModel.swift in Sources */,
				7878C3892D12BC370054347D /* HeaderViewModel.swift in Sources */,
				7878C37C2D12BC370054347D /* DRxEmptyView.swift in Sources */,
				7878C38E2D12BC370054347D /* NewsListViewModel.swift in Sources */,
				7878C3962D12BC370054347D /* SceneDelegate.swift in Sources */,
				7878C3862D12BC370054347D /* CustomFooterView.swift in Sources */,
				7878C3832D12BC370054347D /* DRxExtensions.swift in Sources */,
				7878C38B2D12BC370054347D /* NewsCell.swift in Sources */,
				7878C3872D12BC370054347D /* CustomHeaderView.swift in Sources */,
				7878C3882D12BC370054347D /* FooterViewModel.swift in Sources */,
				7878C3792D12BC370054347D /* DRxBaseCell.swift in Sources */,
				7878C37D2D12BC370054347D /* DRxProtocols.swift in Sources */,
				7878C38D2D12BC370054347D /* NewsListViewController.swift in Sources */,
				7878C37A2D12BC370054347D /* DRxBaseModel.swift in Sources */,
				7878C3912D12BC370054347D /* NewsSubCell.swift in Sources */,
				7878C3802D12BC370054347D /* DRxTableView+Rx.swift in Sources */,
				7878C37E2D12BC370054347D /* DRxSupplementaryView.swift in Sources */,
				7878C3902D12BC370054347D /* NewsNestedCell.swift in Sources */,
				7878C3942D12BC370054347D /* UIView+Toast.swift in Sources */,
				7878C3922D12BC370054347D /* NewsSubModel.swift in Sources */,
				7878C38C2D12BC370054347D /* NewsImageCell.swift in Sources */,
			);
			runOnlyForDeploymentPostprocessing = 0;
		};
/* End PBXSourcesBuildPhase section */

/* Begin PBXVariantGroup section */
		7878C3752D12BC370054347D /* LaunchScreen.storyboard */ = {
			isa = PBXVariantGroup;
			children = (
				7878C3742D12BC370054347D /* Base */,
			);
			name = LaunchScreen.storyboard;
			sourceTree = "<group>";
		};
		7878C3772D12BC370054347D /* Main.storyboard */ = {
			isa = PBXVariantGroup;
			children = (
				7878C3762D12BC370054347D /* Base */,
			);
			name = Main.storyboard;
			sourceTree = "<group>";
		};
/* End PBXVariantGroup section */

/* Begin XCBuildConfiguration section */
		780EFE0F2D0C10BC00537240 /* Debug */ = {
			isa = XCBuildConfiguration;
			buildSettings = {
				ALWAYS_SEARCH_USER_PATHS = NO;
				ASSETCATALOG_COMPILER_GENERATE_SWIFT_ASSET_SYMBOL_EXTENSIONS = YES;
				CLANG_ANALYZER_NONNULL = YES;
				CLANG_ANALYZER_NUMBER_OBJECT_CONVERSION = YES_AGGRESSIVE;
				CLANG_CXX_LANGUAGE_STANDARD = "gnu++20";
				CLANG_ENABLE_MODULES = YES;
				CLANG_ENABLE_OBJC_ARC = YES;
				CLANG_ENABLE_OBJC_WEAK = YES;
				CLANG_WARN_BLOCK_CAPTURE_AUTORELEASING = YES;
				CLANG_WARN_BOOL_CONVERSION = YES;
				CLANG_WARN_COMMA = YES;
				CLANG_WARN_CONSTANT_CONVERSION = YES;
				CLANG_WARN_DEPRECATED_OBJC_IMPLEMENTATIONS = YES;
				CLANG_WARN_DIRECT_OBJC_ISA_USAGE = YES_ERROR;
				CLANG_WARN_DOCUMENTATION_COMMENTS = YES;
				CLANG_WARN_EMPTY_BODY = YES;
				CLANG_WARN_ENUM_CONVERSION = YES;
				CLANG_WARN_INFINITE_RECURSION = YES;
				CLANG_WARN_INT_CONVERSION = YES;
				CLANG_WARN_NON_LITERAL_NULL_CONVERSION = YES;
				CLANG_WARN_OBJC_IMPLICIT_RETAIN_SELF = YES;
				CLANG_WARN_OBJC_LITERAL_CONVERSION = YES;
				CLANG_WARN_OBJC_ROOT_CLASS = YES_ERROR;
				CLANG_WARN_QUOTED_INCLUDE_IN_FRAMEWORK_HEADER = YES;
				CLANG_WARN_RANGE_LOOP_ANALYSIS = YES;
				CLANG_WARN_STRICT_PROTOTYPES = YES;
				CLANG_WARN_SUSPICIOUS_MOVE = YES;
				CLANG_WARN_UNGUARDED_AVAILABILITY = YES_AGGRESSIVE;
				CLANG_WARN_UNREACHABLE_CODE = YES;
				CLANG_WARN__DUPLICATE_METHOD_MATCH = YES;
				COPY_PHASE_STRIP = NO;
				DEBUG_INFORMATION_FORMAT = dwarf;
				ENABLE_STRICT_OBJC_MSGSEND = YES;
				ENABLE_TESTABILITY = YES;
				ENABLE_USER_SCRIPT_SANDBOXING = YES;
				GCC_C_LANGUAGE_STANDARD = gnu17;
				GCC_DYNAMIC_NO_PIC = NO;
				GCC_NO_COMMON_BLOCKS = YES;
				GCC_OPTIMIZATION_LEVEL = 0;
				GCC_PREPROCESSOR_DEFINITIONS = (
					"DEBUG=1",
					"$(inherited)",
				);
				GCC_WARN_64_TO_32_BIT_CONVERSION = YES;
				GCC_WARN_ABOUT_RETURN_TYPE = YES_ERROR;
				GCC_WARN_UNDECLARED_SELECTOR = YES;
				GCC_WARN_UNINITIALIZED_AUTOS = YES_AGGRESSIVE;
				GCC_WARN_UNUSED_FUNCTION = YES;
				GCC_WARN_UNUSED_VARIABLE = YES;
				IPHONEOS_DEPLOYMENT_TARGET = 17.4;
				LOCALIZATION_PREFERS_STRING_CATALOGS = YES;
				MTL_ENABLE_DEBUG_INFO = INCLUDE_SOURCE;
				MTL_FAST_MATH = YES;
				ONLY_ACTIVE_ARCH = YES;
				SDKROOT = iphoneos;
				SWIFT_ACTIVE_COMPILATION_CONDITIONS = "DEBUG $(inherited)";
				SWIFT_OPTIMIZATION_LEVEL = "-Onone";
			};
			name = Debug;
		};
		780EFE102D0C10BC00537240 /* Release */ = {
			isa = XCBuildConfiguration;
			buildSettings = {
				ALWAYS_SEARCH_USER_PATHS = NO;
				ASSETCATALOG_COMPILER_GENERATE_SWIFT_ASSET_SYMBOL_EXTENSIONS = YES;
				CLANG_ANALYZER_NONNULL = YES;
				CLANG_ANALYZER_NUMBER_OBJECT_CONVERSION = YES_AGGRESSIVE;
				CLANG_CXX_LANGUAGE_STANDARD = "gnu++20";
				CLANG_ENABLE_MODULES = YES;
				CLANG_ENABLE_OBJC_ARC = YES;
				CLANG_ENABLE_OBJC_WEAK = YES;
				CLANG_WARN_BLOCK_CAPTURE_AUTORELEASING = YES;
				CLANG_WARN_BOOL_CONVERSION = YES;
				CLANG_WARN_COMMA = YES;
				CLANG_WARN_CONSTANT_CONVERSION = YES;
				CLANG_WARN_DEPRECATED_OBJC_IMPLEMENTATIONS = YES;
				CLANG_WARN_DIRECT_OBJC_ISA_USAGE = YES_ERROR;
				CLANG_WARN_DOCUMENTATION_COMMENTS = YES;
				CLANG_WARN_EMPTY_BODY = YES;
				CLANG_WARN_ENUM_CONVERSION = YES;
				CLANG_WARN_INFINITE_RECURSION = YES;
				CLANG_WARN_INT_CONVERSION = YES;
				CLANG_WARN_NON_LITERAL_NULL_CONVERSION = YES;
				CLANG_WARN_OBJC_IMPLICIT_RETAIN_SELF = YES;
				CLANG_WARN_OBJC_LITERAL_CONVERSION = YES;
				CLANG_WARN_OBJC_ROOT_CLASS = YES_ERROR;
				CLANG_WARN_QUOTED_INCLUDE_IN_FRAMEWORK_HEADER = YES;
				CLANG_WARN_RANGE_LOOP_ANALYSIS = YES;
				CLANG_WARN_STRICT_PROTOTYPES = YES;
				CLANG_WARN_SUSPICIOUS_MOVE = YES;
				CLANG_WARN_UNGUARDED_AVAILABILITY = YES_AGGRESSIVE;
				CLANG_WARN_UNREACHABLE_CODE = YES;
				CLANG_WARN__DUPLICATE_METHOD_MATCH = YES;
				COPY_PHASE_STRIP = NO;
				DEBUG_INFORMATION_FORMAT = "dwarf-with-dsym";
				ENABLE_NS_ASSERTIONS = NO;
				ENABLE_STRICT_OBJC_MSGSEND = YES;
				ENABLE_USER_SCRIPT_SANDBOXING = YES;
				GCC_C_LANGUAGE_STANDARD = gnu17;
				GCC_NO_COMMON_BLOCKS = YES;
				GCC_WARN_64_TO_32_BIT_CONVERSION = YES;
				GCC_WARN_ABOUT_RETURN_TYPE = YES_ERROR;
				GCC_WARN_UNDECLARED_SELECTOR = YES;
				GCC_WARN_UNINITIALIZED_AUTOS = YES_AGGRESSIVE;
				GCC_WARN_UNUSED_FUNCTION = YES;
				GCC_WARN_UNUSED_VARIABLE = YES;
				IPHONEOS_DEPLOYMENT_TARGET = 17.4;
				LOCALIZATION_PREFERS_STRING_CATALOGS = YES;
				MTL_ENABLE_DEBUG_INFO = NO;
				MTL_FAST_MATH = YES;
				SDKROOT = iphoneos;
				SWIFT_COMPILATION_MODE = wholemodule;
				VALIDATE_PRODUCT = YES;
			};
			name = Release;
		};
		780EFE122D0C10BC00537240 /* Debug */ = {
			isa = XCBuildConfiguration;
			baseConfigurationReference = EC018F36AAD19AF9D19D0B11 /* Pods-RACTableView-Swift.debug.xcconfig */;
			buildSettings = {
				ASSETCATALOG_COMPILER_APPICON_NAME = AppIcon;
				ASSETCATALOG_COMPILER_GLOBAL_ACCENT_COLOR_NAME = AccentColor;
				CODE_SIGN_STYLE = Automatic;
				CURRENT_PROJECT_VERSION = 1;
				DEVELOPMENT_TEAM = 97KXK82D47;
				ENABLE_USER_SCRIPT_SANDBOXING = NO;
				GENERATE_INFOPLIST_FILE = YES;
				INFOPLIST_FILE = "RACTableView-Swift/Info.plist";
				INFOPLIST_KEY_UIApplicationSupportsIndirectInputEvents = YES;
				INFOPLIST_KEY_UILaunchStoryboardName = LaunchScreen;
				INFOPLIST_KEY_UIMainStoryboardFile = Main;
				INFOPLIST_KEY_UISupportedInterfaceOrientations_iPad = "UIInterfaceOrientationPortrait UIInterfaceOrientationPortraitUpsideDown UIInterfaceOrientationLandscapeLeft UIInterfaceOrientationLandscapeRight";
				INFOPLIST_KEY_UISupportedInterfaceOrientations_iPhone = "UIInterfaceOrientationPortrait UIInterfaceOrientationLandscapeLeft UIInterfaceOrientationLandscapeRight";
				IPHONEOS_DEPLOYMENT_TARGET = 13.0;
				LD_RUNPATH_SEARCH_PATHS = (
					"$(inherited)",
					"@executable_path/Frameworks",
				);
				MARKETING_VERSION = 1.0;
				PRODUCT_BUNDLE_IDENTIFIER = "dzw.RACTableView-Swift";
				PRODUCT_NAME = "$(TARGET_NAME)";
				SWIFT_EMIT_LOC_STRINGS = YES;
				SWIFT_VERSION = 5.0;
				TARGETED_DEVICE_FAMILY = "1,2";
			};
			name = Debug;
		};
		780EFE132D0C10BC00537240 /* Release */ = {
			isa = XCBuildConfiguration;
			baseConfigurationReference = 4B5D20640FFD189DB2199BBA /* Pods-RACTableView-Swift.release.xcconfig */;
			buildSettings = {
				ASSETCATALOG_COMPILER_APPICON_NAME = AppIcon;
				ASSETCATALOG_COMPILER_GLOBAL_ACCENT_COLOR_NAME = AccentColor;
				CODE_SIGN_STYLE = Automatic;
				CURRENT_PROJECT_VERSION = 1;
				DEVELOPMENT_TEAM = 97KXK82D47;
				ENABLE_USER_SCRIPT_SANDBOXING = NO;
				GENERATE_INFOPLIST_FILE = YES;
				INFOPLIST_FILE = "RACTableView-Swift/Info.plist";
				INFOPLIST_KEY_UIApplicationSupportsIndirectInputEvents = YES;
				INFOPLIST_KEY_UILaunchStoryboardName = LaunchScreen;
				INFOPLIST_KEY_UIMainStoryboardFile = Main;
				INFOPLIST_KEY_UISupportedInterfaceOrientations_iPad = "UIInterfaceOrientationPortrait UIInterfaceOrientationPortraitUpsideDown UIInterfaceOrientationLandscapeLeft UIInterfaceOrientationLandscapeRight";
				INFOPLIST_KEY_UISupportedInterfaceOrientations_iPhone = "UIInterfaceOrientationPortrait UIInterfaceOrientationLandscapeLeft UIInterfaceOrientationLandscapeRight";
				IPHONEOS_DEPLOYMENT_TARGET = 13.0;
				LD_RUNPATH_SEARCH_PATHS = (
					"$(inherited)",
					"@executable_path/Frameworks",
				);
				MARKETING_VERSION = 1.0;
				PRODUCT_BUNDLE_IDENTIFIER = "dzw.RACTableView-Swift";
				PRODUCT_NAME = "$(TARGET_NAME)";
				SWIFT_EMIT_LOC_STRINGS = YES;
				SWIFT_VERSION = 5.0;
				TARGETED_DEVICE_FAMILY = "1,2";
			};
			name = Release;
		};
/* End XCBuildConfiguration section */

/* Begin XCConfigurationList section */
		780EFDF82D0C10BB00537240 /* Build configuration list for PBXProject "RACTableView-Swift" */ = {
			isa = XCConfigurationList;
			buildConfigurations = (
				780EFE0F2D0C10BC00537240 /* Debug */,
				780EFE102D0C10BC00537240 /* Release */,
			);
			defaultConfigurationIsVisible = 0;
			defaultConfigurationName = Release;
		};
		780EFE112D0C10BC00537240 /* Build configuration list for PBXNativeTarget "RACTableView-Swift" */ = {
			isa = XCConfigurationList;
			buildConfigurations = (
				780EFE122D0C10BC00537240 /* Debug */,
				780EFE132D0C10BC00537240 /* Release */,
			);
			defaultConfigurationIsVisible = 0;
			defaultConfigurationName = Release;
		};
/* End XCConfigurationList section */
	};
	rootObject = 780EFDF52D0C10BB00537240 /* Project object */;
}
