// !$*UTF8*$!
{
	archiveVersion = 1;
	classes = {
	};
	objectVersion = 56;
	objects = {

/* Begin PBXBuildFile section */
		782D99692D11360E008BB1A7 /* DRxBaseCell.swift in Sources */ = {isa = PBXBuildFile; fileRef = 782D99402D11360E008BB1A7 /* DRxBaseCell.swift */; };
		782D996A2D11360E008BB1A7 /* DRxBaseModel.swift in Sources */ = {isa = PBXBuildFile; fileRef = 782D99412D11360E008BB1A7 /* DRxBaseModel.swift */; };
		782D996B2D11360E008BB1A7 /* DRxDataSource.swift in Sources */ = {isa = PBXBuildFile; fileRef = 782D99422D11360E008BB1A7 /* DRxDataSource.swift */; };
		782D996C2D11360F008BB1A7 /* DRxEmptyView.swift in Sources */ = {isa = PBXBuildFile; fileRef = 782D99432D11360E008BB1A7 /* DRxEmptyView.swift */; };
		782D996D2D11360F008BB1A7 /* DRxProtocols.swift in Sources */ = {isa = PBXBuildFile; fileRef = 782D99442D11360E008BB1A7 /* DRxProtocols.swift */; };
		782D996E2D11360F008BB1A7 /* DRxSupplementaryView.swift in Sources */ = {isa = PBXBuildFile; fileRef = 782D99452D11360E008BB1A7 /* DRxSupplementaryView.swift */; };
		782D996F2D11360F008BB1A7 /* DRxTableView.swift in Sources */ = {isa = PBXBuildFile; fileRef = 782D99462D11360E008BB1A7 /* DRxTableView.swift */; };
		782D99702D11360F008BB1A7 /* DRxTableView+Rx.swift in Sources */ = {isa = PBXBuildFile; fileRef = 782D99472D11360E008BB1A7 /* DRxTableView+Rx.swift */; };
		782D99712D11360F008BB1A7 /* DRxTypes.swift in Sources */ = {isa = PBXBuildFile; fileRef = 782D99482D11360E008BB1A7 /* DRxTypes.swift */; };
		782D99722D11360F008BB1A7 /* DRxConstants.swift in Sources */ = {isa = PBXBuildFile; fileRef = 782D994A2D11360E008BB1A7 /* DRxConstants.swift */; };
		782D99732D11360F008BB1A7 /* DRxExtensions.swift in Sources */ = {isa = PBXBuildFile; fileRef = 782D994B2D11360E008BB1A7 /* DRxExtensions.swift */; };
		782D99742D11360F008BB1A7 /* DRxHeightCache.swift in Sources */ = {isa = PBXBuildFile; fileRef = 782D994C2D11360E008BB1A7 /* DRxHeightCache.swift */; };
		782D99752D11360F008BB1A7 /* todo.md in Resources */ = {isa = PBXBuildFile; fileRef = 782D994E2D11360E008BB1A7 /* todo.md */; };
		782D99762D11360F008BB1A7 /* NewsActionCell.swift in Sources */ = {isa = PBXBuildFile; fileRef = 782D99502D11360E008BB1A7 /* NewsActionCell.swift */; };
		782D99772D11360F008BB1A7 /* NewsCell.swift in Sources */ = {isa = PBXBuildFile; fileRef = 782D99512D11360E008BB1A7 /* NewsCell.swift */; };
		782D99782D11360F008BB1A7 /* NewsImageCell.swift in Sources */ = {isa = PBXBuildFile; fileRef = 782D99522D11360E008BB1A7 /* NewsImageCell.swift */; };
		782D99792D11360F008BB1A7 /* NewsListViewController.swift in Sources */ = {isa = PBXBuildFile; fileRef = 782D99532D11360E008BB1A7 /* NewsListViewController.swift */; };
		782D997A2D11360F008BB1A7 /* NewsListViewModel.swift in Sources */ = {isa = PBXBuildFile; fileRef = 782D99542D11360E008BB1A7 /* NewsListViewModel.swift */; };
		782D997B2D11360F008BB1A7 /* NewsModel.swift in Sources */ = {isa = PBXBuildFile; fileRef = 782D99552D11360E008BB1A7 /* NewsModel.swift */; };
		782D997C2D11360F008BB1A7 /* NewsNestedCell.swift in Sources */ = {isa = PBXBuildFile; fileRef = 782D99562D11360E008BB1A7 /* NewsNestedCell.swift */; };
		782D997D2D11360F008BB1A7 /* NewsSubCell.swift in Sources */ = {isa = PBXBuildFile; fileRef = 782D99572D11360E008BB1A7 /* NewsSubCell.swift */; };
		782D997E2D11360F008BB1A7 /* NewsSubModel.swift in Sources */ = {isa = PBXBuildFile; fileRef = 782D99582D11360E008BB1A7 /* NewsSubModel.swift */; };
		782D997F2D11360F008BB1A7 /* NewsTextInputCell.swift in Sources */ = {isa = PBXBuildFile; fileRef = 782D99592D11360E008BB1A7 /* NewsTextInputCell.swift */; };
		782D99802D11360F008BB1A7 /* UIView+Toast.swift in Sources */ = {isa = PBXBuildFile; fileRef = 782D995C2D11360E008BB1A7 /* UIView+Toast.swift */; };
		782D99812D11360F008BB1A7 /* AppDelegate.swift in Sources */ = {isa = PBXBuildFile; fileRef = 782D995E2D11360E008BB1A7 /* AppDelegate.swift */; };
		782D99822D11360F008BB1A7 /* SceneDelegate.swift in Sources */ = {isa = PBXBuildFile; fileRef = 782D995F2D11360E008BB1A7 /* SceneDelegate.swift */; };
		782D99832D11360F008BB1A7 /* ViewController.swift in Sources */ = {isa = PBXBuildFile; fileRef = 782D99602D11360E008BB1A7 /* ViewController.swift */; };
		782D99842D11360F008BB1A7 /* Assets.xcassets in Resources */ = {isa = PBXBuildFile; fileRef = 782D99622D11360E008BB1A7 /* Assets.xcassets */; };
		782D99862D11360F008BB1A7 /* LaunchScreen.storyboard in Resources */ = {isa = PBXBuildFile; fileRef = 782D99652D11360E008BB1A7 /* LaunchScreen.storyboard */; };
		782D99872D11360F008BB1A7 /* Main.storyboard in Resources */ = {isa = PBXBuildFile; fileRef = 782D99672D11360E008BB1A7 /* Main.storyboard */; };
		CBBEE78B9B3A5C4C500C82CD /* Pods_RACTableView_Swift.framework in Frameworks */ = {isa = PBXBuildFile; fileRef = 6E17F253328A51DCDC9D86B8 /* Pods_RACTableView_Swift.framework */; };
/* End PBXBuildFile section */

/* Begin PBXFileReference section */
		4B5D20640FFD189DB2199BBA /* Pods-RACTableView-Swift.release.xcconfig */ = {isa = PBXFileReference; includeInIndex = 1; lastKnownFileType = text.xcconfig; name = "Pods-RACTableView-Swift.release.xcconfig"; path = "Target Support Files/Pods-RACTableView-Swift/Pods-RACTableView-Swift.release.xcconfig"; sourceTree = "<group>"; };
		6E17F253328A51DCDC9D86B8 /* Pods_RACTableView_Swift.framework */ = {isa = PBXFileReference; explicitFileType = wrapper.framework; includeInIndex = 0; path = Pods_RACTableView_Swift.framework; sourceTree = BUILT_PRODUCTS_DIR; };
		780EFDFD2D0C10BB00537240 /* RACTableView-Swift.app */ = {isa = PBXFileReference; explicitFileType = wrapper.application; includeInIndex = 0; path = "RACTableView-Swift.app"; sourceTree = BUILT_PRODUCTS_DIR; };
		782D99402D11360E008BB1A7 /* DRxBaseCell.swift */ = {isa = PBXFileReference; fileEncoding = 4; lastKnownFileType = sourcecode.swift; path = DRxBaseCell.swift; sourceTree = "<group>"; };
		782D99412D11360E008BB1A7 /* DRxBaseModel.swift */ = {isa = PBXFileReference; fileEncoding = 4; lastKnownFileType = sourcecode.swift; path = DRxBaseModel.swift; sourceTree = "<group>"; };
		782D99422D11360E008BB1A7 /* DRxDataSource.swift */ = {isa = PBXFileReference; fileEncoding = 4; lastKnownFileType = sourcecode.swift; path = DRxDataSource.swift; sourceTree = "<group>"; };
		782D99432D11360E008BB1A7 /* DRxEmptyView.swift */ = {isa = PBXFileReference; fileEncoding = 4; lastKnownFileType = sourcecode.swift; path = DRxEmptyView.swift; sourceTree = "<group>"; };
		782D99442D11360E008BB1A7 /* DRxProtocols.swift */ = {isa = PBXFileReference; fileEncoding = 4; lastKnownFileType = sourcecode.swift; path = DRxProtocols.swift; sourceTree = "<group>"; };
		782D99452D11360E008BB1A7 /* DRxSupplementaryView.swift */ = {isa = PBXFileReference; fileEncoding = 4; lastKnownFileType = sourcecode.swift; path = DRxSupplementaryView.swift; sourceTree = "<group>"; };
		782D99462D11360E008BB1A7 /* DRxTableView.swift */ = {isa = PBXFileReference; fileEncoding = 4; lastKnownFileType = sourcecode.swift; path = DRxTableView.swift; sourceTree = "<group>"; };
		782D99472D11360E008BB1A7 /* DRxTableView+Rx.swift */ = {isa = PBXFileReference; fileEncoding = 4; lastKnownFileType = sourcecode.swift; path = "DRxTableView+Rx.swift"; sourceTree = "<group>"; };
		782D99482D11360E008BB1A7 /* DRxTypes.swift */ = {isa = PBXFileReference; fileEncoding = 4; lastKnownFileType = sourcecode.swift; path = DRxTypes.swift; sourceTree = "<group>"; };
		782D994A2D11360E008BB1A7 /* DRxConstants.swift */ = {isa = PBXFileReference; fileEncoding = 4; lastKnownFileType = sourcecode.swift; path = DRxConstants.swift; sourceTree = "<group>"; };
		782D994B2D11360E008BB1A7 /* DRxExtensions.swift */ = {isa = PBXFileReference; fileEncoding = 4; lastKnownFileType = sourcecode.swift; path = DRxExtensions.swift; sourceTree = "<group>"; };
		782D994C2D11360E008BB1A7 /* DRxHeightCache.swift */ = {isa = PBXFileReference; fileEncoding = 4; lastKnownFileType = sourcecode.swift; path = DRxHeightCache.swift; sourceTree = "<group>"; };
		782D994E2D11360E008BB1A7 /* todo.md */ = {isa = PBXFileReference; fileEncoding = 4; lastKnownFileType = net.daringfireball.markdown; path = todo.md; sourceTree = "<group>"; };
		782D99502D11360E008BB1A7 /* NewsActionCell.swift */ = {isa = PBXFileReference; fileEncoding = 4; lastKnownFileType = sourcecode.swift; path = NewsActionCell.swift; sourceTree = "<group>"; };
		782D99512D11360E008BB1A7 /* NewsCell.swift */ = {isa = PBXFileReference; fileEncoding = 4; lastKnownFileType = sourcecode.swift; path = NewsCell.swift; sourceTree = "<group>"; };
		782D99522D11360E008BB1A7 /* NewsImageCell.swift */ = {isa = PBXFileReference; fileEncoding = 4; lastKnownFileType = sourcecode.swift; path = NewsImageCell.swift; sourceTree = "<group>"; };
		782D99532D11360E008BB1A7 /* NewsListViewController.swift */ = {isa = PBXFileReference; fileEncoding = 4; lastKnownFileType = sourcecode.swift; path = NewsListViewController.swift; sourceTree = "<group>"; };
		782D99542D11360E008BB1A7 /* NewsListViewModel.swift */ = {isa = PBXFileReference; fileEncoding = 4; lastKnownFileType = sourcecode.swift; path = NewsListViewModel.swift; sourceTree = "<group>"; };
		782D99552D11360E008BB1A7 /* NewsModel.swift */ = {isa = PBXFileReference; fileEncoding = 4; lastKnownFileType = sourcecode.swift; path = NewsModel.swift; sourceTree = "<group>"; };
		782D99562D11360E008BB1A7 /* NewsNestedCell.swift */ = {isa = PBXFileReference; fileEncoding = 4; lastKnownFileType = sourcecode.swift; path = NewsNestedCell.swift; sourceTree = "<group>"; };
		782D99572D11360E008BB1A7 /* NewsSubCell.swift */ = {isa = PBXFileReference; fileEncoding = 4; lastKnownFileType = sourcecode.swift; path = NewsSubCell.swift; sourceTree = "<group>"; };
		782D99582D11360E008BB1A7 /* NewsSubModel.swift */ = {isa = PBXFileReference; fileEncoding = 4; lastKnownFileType = sourcecode.swift; path = NewsSubModel.swift; sourceTree = "<group>"; };
		782D99592D11360E008BB1A7 /* NewsTextInputCell.swift */ = {isa = PBXFileReference; fileEncoding = 4; lastKnownFileType = sourcecode.swift; path = NewsTextInputCell.swift; sourceTree = "<group>"; };
		782D995C2D11360E008BB1A7 /* UIView+Toast.swift */ = {isa = PBXFileReference; fileEncoding = 4; lastKnownFileType = sourcecode.swift; path = "UIView+Toast.swift"; sourceTree = "<group>"; };
		782D995E2D11360E008BB1A7 /* AppDelegate.swift */ = {isa = PBXFileReference; fileEncoding = 4; lastKnownFileType = sourcecode.swift; path = AppDelegate.swift; sourceTree = "<group>"; };
		782D995F2D11360E008BB1A7 /* SceneDelegate.swift */ = {isa = PBXFileReference; fileEncoding = 4; lastKnownFileType = sourcecode.swift; path = SceneDelegate.swift; sourceTree = "<group>"; };
		782D99602D11360E008BB1A7 /* ViewController.swift */ = {isa = PBXFileReference; fileEncoding = 4; lastKnownFileType = sourcecode.swift; path = ViewController.swift; sourceTree = "<group>"; };
		782D99622D11360E008BB1A7 /* Assets.xcassets */ = {isa = PBXFileReference; lastKnownFileType = folder.assetcatalog; path = Assets.xcassets; sourceTree = "<group>"; };
		782D99632D11360E008BB1A7 /* Info.plist */ = {isa = PBXFileReference; fileEncoding = 4; lastKnownFileType = text.plist.xml; path = Info.plist; sourceTree = "<group>"; };
		782D99642D11360E008BB1A7 /* Base */ = {isa = PBXFileReference; lastKnownFileType = file.storyboard; name = Base; path = Base.lproj/LaunchScreen.storyboard; sourceTree = "<group>"; };
		782D99662D11360E008BB1A7 /* Base */ = {isa = PBXFileReference; lastKnownFileType = file.storyboard; name = Base; path = Base.lproj/Main.storyboard; sourceTree = "<group>"; };
		EC018F36AAD19AF9D19D0B11 /* Pods-RACTableView-Swift.debug.xcconfig */ = {isa = PBXFileReference; includeInIndex = 1; lastKnownFileType = text.xcconfig; name = "Pods-RACTableView-Swift.debug.xcconfig"; path = "Target Support Files/Pods-RACTableView-Swift/Pods-RACTableView-Swift.debug.xcconfig"; sourceTree = "<group>"; };
/* End PBXFileReference section */

/* Begin PBXFrameworksBuildPhase section */
		780EFDFA2D0C10BB00537240 /* Frameworks */ = {
			isa = PBXFrameworksBuildPhase;
			buildActionMask = 2147483647;
			files = (
				CBBEE78B9B3A5C4C500C82CD /* Pods_RACTableView_Swift.framework in Frameworks */,
			);
			runOnlyForDeploymentPostprocessing = 0;
		};
/* End PBXFrameworksBuildPhase section */

/* Begin PBXGroup section */
		2C9B6A8C79869DB3283702FB /* Pods */ = {
			isa = PBXGroup;
			children = (
				EC018F36AAD19AF9D19D0B11 /* Pods-RACTableView-Swift.debug.xcconfig */,
				4B5D20640FFD189DB2199BBA /* Pods-RACTableView-Swift.release.xcconfig */,
			);
			path = Pods;
			sourceTree = "<group>";
		};
		780EFDF42D0C10BB00537240 = {
			isa = PBXGroup;
			children = (
				782D99682D11360E008BB1A7 /* RACTableView-Swift */,
				780EFDFE2D0C10BB00537240 /* Products */,
				2C9B6A8C79869DB3283702FB /* Pods */,
				F78F465B6C67A763B2BD118E /* Frameworks */,
			);
			sourceTree = "<group>";
		};
		780EFDFE2D0C10BB00537240 /* Products */ = {
			isa = PBXGroup;
			children = (
				780EFDFD2D0C10BB00537240 /* RACTableView-Swift.app */,
			);
			name = Products;
			sourceTree = "<group>";
		};
		782D99492D11360E008BB1A7 /* Core */ = {
			isa = PBXGroup;
			children = (
				782D99402D11360E008BB1A7 /* DRxBaseCell.swift */,
				782D99412D11360E008BB1A7 /* DRxBaseModel.swift */,
				782D99422D11360E008BB1A7 /* DRxDataSource.swift */,
				782D99432D11360E008BB1A7 /* DRxEmptyView.swift */,
				782D99442D11360E008BB1A7 /* DRxProtocols.swift */,
				782D99452D11360E008BB1A7 /* DRxSupplementaryView.swift */,
				782D99462D11360E008BB1A7 /* DRxTableView.swift */,
				782D99472D11360E008BB1A7 /* DRxTableView+Rx.swift */,
				782D99482D11360E008BB1A7 /* DRxTypes.swift */,
			);
			path = Core;
			sourceTree = "<group>";
		};
		782D994D2D11360E008BB1A7 /* Utils */ = {
			isa = PBXGroup;
			children = (
				782D994A2D11360E008BB1A7 /* DRxConstants.swift */,
				782D994B2D11360E008BB1A7 /* DRxExtensions.swift */,
				782D994C2D11360E008BB1A7 /* DRxHeightCache.swift */,
			);
			path = Utils;
			sourceTree = "<group>";
		};
		782D994F2D11360E008BB1A7 /* DRxTableView */ = {
			isa = PBXGroup;
			children = (
				782D99492D11360E008BB1A7 /* Core */,
				782D994D2D11360E008BB1A7 /* Utils */,
				782D994E2D11360E008BB1A7 /* todo.md */,
			);
			path = DRxTableView;
			sourceTree = "<group>";
		};
		782D995A2D11360E008BB1A7 /* NewsDemo */ = {
			isa = PBXGroup;
			children = (
				782D99502D11360E008BB1A7 /* NewsActionCell.swift */,
				782D99512D11360E008BB1A7 /* NewsCell.swift */,
				782D99522D11360E008BB1A7 /* NewsImageCell.swift */,
				782D99532D11360E008BB1A7 /* NewsListViewController.swift */,
				782D99542D11360E008BB1A7 /* NewsListViewModel.swift */,
				782D99552D11360E008BB1A7 /* NewsModel.swift */,
				782D99562D11360E008BB1A7 /* NewsNestedCell.swift */,
				782D99572D11360E008BB1A7 /* NewsSubCell.swift */,
				782D99582D11360E008BB1A7 /* NewsSubModel.swift */,
				782D99592D11360E008BB1A7 /* NewsTextInputCell.swift */,
			);
			path = NewsDemo;
			sourceTree = "<group>";
		};
		782D995B2D11360E008BB1A7 /* Examples */ = {
			isa = PBXGroup;
			children = (
				782D995A2D11360E008BB1A7 /* NewsDemo */,
			);
			path = Examples;
			sourceTree = "<group>";
		};
		782D995D2D11360E008BB1A7 /* Extensions */ = {
			isa = PBXGroup;
			children = (
				782D995C2D11360E008BB1A7 /* UIView+Toast.swift */,
			);
			path = Extensions;
			sourceTree = "<group>";
		};
		782D99612D11360E008BB1A7 /* RACTableView-Swift */ = {
			isa = PBXGroup;
			children = (
				782D995E2D11360E008BB1A7 /* AppDelegate.swift */,
				782D995F2D11360E008BB1A7 /* SceneDelegate.swift */,
				782D99602D11360E008BB1A7 /* ViewController.swift */,
			);
			path = "RACTableView-Swift";
			sourceTree = "<group>";
		};
		782D99682D11360E008BB1A7 /* RACTableView-Swift */ = {
			isa = PBXGroup;
			children = (
				782D994F2D11360E008BB1A7 /* DRxTableView */,
				782D995B2D11360E008BB1A7 /* Examples */,
				782D995D2D11360E008BB1A7 /* Extensions */,
				782D99612D11360E008BB1A7 /* RACTableView-Swift */,
				782D99622D11360E008BB1A7 /* Assets.xcassets */,
				782D99632D11360E008BB1A7 /* Info.plist */,
				782D99652D11360E008BB1A7 /* LaunchScreen.storyboard */,
				782D99672D11360E008BB1A7 /* Main.storyboard */,
			);
			path = "RACTableView-Swift";
			sourceTree = "<group>";
		};
		F78F465B6C67A763B2BD118E /* Frameworks */ = {
			isa = PBXGroup;
			children = (
				6E17F253328A51DCDC9D86B8 /* Pods_RACTableView_Swift.framework */,
			);
			name = Frameworks;
			sourceTree = "<group>";
		};
/* End PBXGroup section */

/* Begin PBXNativeTarget section */
		780EFDFC2D0C10BB00537240 /* RACTableView-Swift */ = {
			isa = PBXNativeTarget;
			buildConfigurationList = 780EFE112D0C10BC00537240 /* Build configuration list for PBXNativeTarget "RACTableView-Swift" */;
			buildPhases = (
				57BA62F8381B9A9F691B5446 /* [CP] Check Pods Manifest.lock */,
				780EFDF92D0C10BB00537240 /* Sources */,
				780EFDFA2D0C10BB00537240 /* Frameworks */,
				780EFDFB2D0C10BB00537240 /* Resources */,
				020DC4D6719D2A40787CDAB3 /* [CP] Embed Pods Frameworks */,
			);
			buildRules = (
			);
			dependencies = (
			);
			name = "RACTableView-Swift";
			productName = "RACTableView-Swift";
			productReference = 780EFDFD2D0C10BB00537240 /* RACTableView-Swift.app */;
			productType = "com.apple.product-type.application";
		};
/* End PBXNativeTarget section */

/* Begin PBXProject section */
		780EFDF52D0C10BB00537240 /* Project object */ = {
			isa = PBXProject;
			attributes = {
				BuildIndependentTargetsInParallel = 1;
				LastSwiftUpdateCheck = 1530;
				LastUpgradeCheck = 1530;
				TargetAttributes = {
					780EFDFC2D0C10BB00537240 = {
						CreatedOnToolsVersion = 15.3;
					};
				};
			};
			buildConfigurationList = 780EFDF82D0C10BB00537240 /* Build configuration list for PBXProject "RACTableView-Swift" */;
			compatibilityVersion = "Xcode 14.0";
			developmentRegion = en;
			hasScannedForEncodings = 0;
			knownRegions = (
				en,
				Base,
			);
			mainGroup = 780EFDF42D0C10BB00537240;
			productRefGroup = 780EFDFE2D0C10BB00537240 /* Products */;
			projectDirPath = "";
			projectRoot = "";
			targets = (
				780EFDFC2D0C10BB00537240 /* RACTableView-Swift */,
			);
		};
/* End PBXProject section */

/* Begin PBXResourcesBuildPhase section */
		780EFDFB2D0C10BB00537240 /* Resources */ = {
			isa = PBXResourcesBuildPhase;
			buildActionMask = 2147483647;
			files = (
				782D99842D11360F008BB1A7 /* Assets.xcassets in Resources */,
				782D99872D11360F008BB1A7 /* Main.storyboard in Resources */,
				782D99862D11360F008BB1A7 /* LaunchScreen.storyboard in Resources */,
				782D99752D11360F008BB1A7 /* todo.md in Resources */,
			);
			runOnlyForDeploymentPostprocessing = 0;
		};
/* End PBXResourcesBuildPhase section */

/* Begin PBXShellScriptBuildPhase section */
		020DC4D6719D2A40787CDAB3 /* [CP] Embed Pods Frameworks */ = {
			isa = PBXShellScriptBuildPhase;
			buildActionMask = 2147483647;
			files = (
			);
			inputFileListPaths = (
				"${PODS_ROOT}/Target Support Files/Pods-RACTableView-Swift/Pods-RACTableView-Swift-frameworks-${CONFIGURATION}-input-files.xcfilelist",
			);
			name = "[CP] Embed Pods Frameworks";
			outputFileListPaths = (
				"${PODS_ROOT}/Target Support Files/Pods-RACTableView-Swift/Pods-RACTableView-Swift-frameworks-${CONFIGURATION}-output-files.xcfilelist",
			);
			runOnlyForDeploymentPostprocessing = 0;
			shellPath = /bin/sh;
			shellScript = "\"${PODS_ROOT}/Target Support Files/Pods-RACTableView-Swift/Pods-RACTableView-Swift-frameworks.sh\"\n";
			showEnvVarsInLog = 0;
		};
		57BA62F8381B9A9F691B5446 /* [CP] Check Pods Manifest.lock */ = {
			isa = PBXShellScriptBuildPhase;
			buildActionMask = 2147483647;
			files = (
			);
			inputFileListPaths = (
			);
			inputPaths = (
				"${PODS_PODFILE_DIR_PATH}/Podfile.lock",
				"${PODS_ROOT}/Manifest.lock",
			);
			name = "[CP] Check Pods Manifest.lock";
			outputFileListPaths = (
			);
			outputPaths = (
				"$(DERIVED_FILE_DIR)/Pods-RACTableView-Swift-checkManifestLockResult.txt",
			);
			runOnlyForDeploymentPostprocessing = 0;
			shellPath = /bin/sh;
			shellScript = "diff \"${PODS_PODFILE_DIR_PATH}/Podfile.lock\" \"${PODS_ROOT}/Manifest.lock\" > /dev/null\nif [ $? != 0 ] ; then\n    # print error to STDERR\n    echo \"error: The sandbox is not in sync with the Podfile.lock. Run 'pod install' or update your CocoaPods installation.\" >&2\n    exit 1\nfi\n# This output is used by Xcode 'outputs' to avoid re-running this script phase.\necho \"SUCCESS\" > \"${SCRIPT_OUTPUT_FILE_0}\"\n";
			showEnvVarsInLog = 0;
		};
/* End PBXShellScriptBuildPhase section */

/* Begin PBXSourcesBuildPhase section */
		780EFDF92D0C10BB00537240 /* Sources */ = {
			isa = PBXSourcesBuildPhase;
			buildActionMask = 2147483647;
			files = (
				782D99812D11360F008BB1A7 /* AppDelegate.swift in Sources */,
				782D99722D11360F008BB1A7 /* DRxConstants.swift in Sources */,
				782D996B2D11360E008BB1A7 /* DRxDataSource.swift in Sources */,
				782D997F2D11360F008BB1A7 /* NewsTextInputCell.swift in Sources */,
				782D99742D11360F008BB1A7 /* DRxHeightCache.swift in Sources */,
				782D99712D11360F008BB1A7 /* DRxTypes.swift in Sources */,
				782D996F2D11360F008BB1A7 /* DRxTableView.swift in Sources */,
				782D99802D11360F008BB1A7 /* UIView+Toast.swift in Sources */,
				782D99832D11360F008BB1A7 /* ViewController.swift in Sources */,
				782D997A2D11360F008BB1A7 /* NewsListViewModel.swift in Sources */,
				782D99782D11360F008BB1A7 /* NewsImageCell.swift in Sources */,
				782D997E2D11360F008BB1A7 /* NewsSubModel.swift in Sources */,
				782D996C2D11360F008BB1A7 /* DRxEmptyView.swift in Sources */,
				782D99732D11360F008BB1A7 /* DRxExtensions.swift in Sources */,
				782D997C2D11360F008BB1A7 /* NewsNestedCell.swift in Sources */,
				782D99692D11360E008BB1A7 /* DRxBaseCell.swift in Sources */,
				782D996D2D11360F008BB1A7 /* DRxProtocols.swift in Sources */,
				782D99762D11360F008BB1A7 /* NewsActionCell.swift in Sources */,
				782D997B2D11360F008BB1A7 /* NewsModel.swift in Sources */,
				782D99772D11360F008BB1A7 /* NewsCell.swift in Sources */,
				782D997D2D11360F008BB1A7 /* NewsSubCell.swift in Sources */,
				782D99822D11360F008BB1A7 /* SceneDelegate.swift in Sources */,
				782D996A2D11360E008BB1A7 /* DRxBaseModel.swift in Sources */,
				782D99702D11360F008BB1A7 /* DRxTableView+Rx.swift in Sources */,
				782D996E2D11360F008BB1A7 /* DRxSupplementaryView.swift in Sources */,
				782D99792D11360F008BB1A7 /* NewsListViewController.swift in Sources */,
			);
			runOnlyForDeploymentPostprocessing = 0;
		};
/* End PBXSourcesBuildPhase section */

/* Begin PBXVariantGroup section */
		782D99652D11360E008BB1A7 /* LaunchScreen.storyboard */ = {
			isa = PBXVariantGroup;
			children = (
				782D99642D11360E008BB1A7 /* Base */,
			);
			name = LaunchScreen.storyboard;
			sourceTree = "<group>";
		};
		782D99672D11360E008BB1A7 /* Main.storyboard */ = {
			isa = PBXVariantGroup;
			children = (
				782D99662D11360E008BB1A7 /* Base */,
			);
			name = Main.storyboard;
			sourceTree = "<group>";
		};
/* End PBXVariantGroup section */

/* Begin XCBuildConfiguration section */
		780EFE0F2D0C10BC00537240 /* Debug */ = {
			isa = XCBuildConfiguration;
			buildSettings = {
				ALWAYS_SEARCH_USER_PATHS = NO;
				ASSETCATALOG_COMPILER_GENERATE_SWIFT_ASSET_SYMBOL_EXTENSIONS = YES;
				CLANG_ANALYZER_NONNULL = YES;
				CLANG_ANALYZER_NUMBER_OBJECT_CONVERSION = YES_AGGRESSIVE;
				CLANG_CXX_LANGUAGE_STANDARD = "gnu++20";
				CLANG_ENABLE_MODULES = YES;
				CLANG_ENABLE_OBJC_ARC = YES;
				CLANG_ENABLE_OBJC_WEAK = YES;
				CLANG_WARN_BLOCK_CAPTURE_AUTORELEASING = YES;
				CLANG_WARN_BOOL_CONVERSION = YES;
				CLANG_WARN_COMMA = YES;
				CLANG_WARN_CONSTANT_CONVERSION = YES;
				CLANG_WARN_DEPRECATED_OBJC_IMPLEMENTATIONS = YES;
				CLANG_WARN_DIRECT_OBJC_ISA_USAGE = YES_ERROR;
				CLANG_WARN_DOCUMENTATION_COMMENTS = YES;
				CLANG_WARN_EMPTY_BODY = YES;
				CLANG_WARN_ENUM_CONVERSION = YES;
				CLANG_WARN_INFINITE_RECURSION = YES;
				CLANG_WARN_INT_CONVERSION = YES;
				CLANG_WARN_NON_LITERAL_NULL_CONVERSION = YES;
				CLANG_WARN_OBJC_IMPLICIT_RETAIN_SELF = YES;
				CLANG_WARN_OBJC_LITERAL_CONVERSION = YES;
				CLANG_WARN_OBJC_ROOT_CLASS = YES_ERROR;
				CLANG_WARN_QUOTED_INCLUDE_IN_FRAMEWORK_HEADER = YES;
				CLANG_WARN_RANGE_LOOP_ANALYSIS = YES;
				CLANG_WARN_STRICT_PROTOTYPES = YES;
				CLANG_WARN_SUSPICIOUS_MOVE = YES;
				CLANG_WARN_UNGUARDED_AVAILABILITY = YES_AGGRESSIVE;
				CLANG_WARN_UNREACHABLE_CODE = YES;
				CLANG_WARN__DUPLICATE_METHOD_MATCH = YES;
				COPY_PHASE_STRIP = NO;
				DEBUG_INFORMATION_FORMAT = dwarf;
				ENABLE_STRICT_OBJC_MSGSEND = YES;
				ENABLE_TESTABILITY = YES;
				ENABLE_USER_SCRIPT_SANDBOXING = YES;
				GCC_C_LANGUAGE_STANDARD = gnu17;
				GCC_DYNAMIC_NO_PIC = NO;
				GCC_NO_COMMON_BLOCKS = YES;
				GCC_OPTIMIZATION_LEVEL = 0;
				GCC_PREPROCESSOR_DEFINITIONS = (
					"DEBUG=1",
					"$(inherited)",
				);
				GCC_WARN_64_TO_32_BIT_CONVERSION = YES;
				GCC_WARN_ABOUT_RETURN_TYPE = YES_ERROR;
				GCC_WARN_UNDECLARED_SELECTOR = YES;
				GCC_WARN_UNINITIALIZED_AUTOS = YES_AGGRESSIVE;
				GCC_WARN_UNUSED_FUNCTION = YES;
				GCC_WARN_UNUSED_VARIABLE = YES;
				IPHONEOS_DEPLOYMENT_TARGET = 17.4;
				LOCALIZATION_PREFERS_STRING_CATALOGS = YES;
				MTL_ENABLE_DEBUG_INFO = INCLUDE_SOURCE;
				MTL_FAST_MATH = YES;
				ONLY_ACTIVE_ARCH = YES;
				SDKROOT = iphoneos;
				SWIFT_ACTIVE_COMPILATION_CONDITIONS = "DEBUG $(inherited)";
				SWIFT_OPTIMIZATION_LEVEL = "-Onone";
			};
			name = Debug;
		};
		780EFE102D0C10BC00537240 /* Release */ = {
			isa = XCBuildConfiguration;
			buildSettings = {
				ALWAYS_SEARCH_USER_PATHS = NO;
				ASSETCATALOG_COMPILER_GENERATE_SWIFT_ASSET_SYMBOL_EXTENSIONS = YES;
				CLANG_ANALYZER_NONNULL = YES;
				CLANG_ANALYZER_NUMBER_OBJECT_CONVERSION = YES_AGGRESSIVE;
				CLANG_CXX_LANGUAGE_STANDARD = "gnu++20";
				CLANG_ENABLE_MODULES = YES;
				CLANG_ENABLE_OBJC_ARC = YES;
				CLANG_ENABLE_OBJC_WEAK = YES;
				CLANG_WARN_BLOCK_CAPTURE_AUTORELEASING = YES;
				CLANG_WARN_BOOL_CONVERSION = YES;
				CLANG_WARN_COMMA = YES;
				CLANG_WARN_CONSTANT_CONVERSION = YES;
				CLANG_WARN_DEPRECATED_OBJC_IMPLEMENTATIONS = YES;
				CLANG_WARN_DIRECT_OBJC_ISA_USAGE = YES_ERROR;
				CLANG_WARN_DOCUMENTATION_COMMENTS = YES;
				CLANG_WARN_EMPTY_BODY = YES;
				CLANG_WARN_ENUM_CONVERSION = YES;
				CLANG_WARN_INFINITE_RECURSION = YES;
				CLANG_WARN_INT_CONVERSION = YES;
				CLANG_WARN_NON_LITERAL_NULL_CONVERSION = YES;
				CLANG_WARN_OBJC_IMPLICIT_RETAIN_SELF = YES;
				CLANG_WARN_OBJC_LITERAL_CONVERSION = YES;
				CLANG_WARN_OBJC_ROOT_CLASS = YES_ERROR;
				CLANG_WARN_QUOTED_INCLUDE_IN_FRAMEWORK_HEADER = YES;
				CLANG_WARN_RANGE_LOOP_ANALYSIS = YES;
				CLANG_WARN_STRICT_PROTOTYPES = YES;
				CLANG_WARN_SUSPICIOUS_MOVE = YES;
				CLANG_WARN_UNGUARDED_AVAILABILITY = YES_AGGRESSIVE;
				CLANG_WARN_UNREACHABLE_CODE = YES;
				CLANG_WARN__DUPLICATE_METHOD_MATCH = YES;
				COPY_PHASE_STRIP = NO;
				DEBUG_INFORMATION_FORMAT = "dwarf-with-dsym";
				ENABLE_NS_ASSERTIONS = NO;
				ENABLE_STRICT_OBJC_MSGSEND = YES;
				ENABLE_USER_SCRIPT_SANDBOXING = YES;
				GCC_C_LANGUAGE_STANDARD = gnu17;
				GCC_NO_COMMON_BLOCKS = YES;
				GCC_WARN_64_TO_32_BIT_CONVERSION = YES;
				GCC_WARN_ABOUT_RETURN_TYPE = YES_ERROR;
				GCC_WARN_UNDECLARED_SELECTOR = YES;
				GCC_WARN_UNINITIALIZED_AUTOS = YES_AGGRESSIVE;
				GCC_WARN_UNUSED_FUNCTION = YES;
				GCC_WARN_UNUSED_VARIABLE = YES;
				IPHONEOS_DEPLOYMENT_TARGET = 17.4;
				LOCALIZATION_PREFERS_STRING_CATALOGS = YES;
				MTL_ENABLE_DEBUG_INFO = NO;
				MTL_FAST_MATH = YES;
				SDKROOT = iphoneos;
				SWIFT_COMPILATION_MODE = wholemodule;
				VALIDATE_PRODUCT = YES;
			};
			name = Release;
		};
		780EFE122D0C10BC00537240 /* Debug */ = {
			isa = XCBuildConfiguration;
			baseConfigurationReference = EC018F36AAD19AF9D19D0B11 /* Pods-RACTableView-Swift.debug.xcconfig */;
			buildSettings = {
				ASSETCATALOG_COMPILER_APPICON_NAME = AppIcon;
				ASSETCATALOG_COMPILER_GLOBAL_ACCENT_COLOR_NAME = AccentColor;
				CODE_SIGN_STYLE = Automatic;
				CURRENT_PROJECT_VERSION = 1;
				DEVELOPMENT_TEAM = 97KXK82D47;
				ENABLE_USER_SCRIPT_SANDBOXING = NO;
				GENERATE_INFOPLIST_FILE = YES;
				INFOPLIST_FILE = "RACTableView-Swift/Info.plist";
				INFOPLIST_KEY_UIApplicationSupportsIndirectInputEvents = YES;
				INFOPLIST_KEY_UILaunchStoryboardName = LaunchScreen;
				INFOPLIST_KEY_UIMainStoryboardFile = Main;
				INFOPLIST_KEY_UISupportedInterfaceOrientations_iPad = "UIInterfaceOrientationPortrait UIInterfaceOrientationPortraitUpsideDown UIInterfaceOrientationLandscapeLeft UIInterfaceOrientationLandscapeRight";
				INFOPLIST_KEY_UISupportedInterfaceOrientations_iPhone = "UIInterfaceOrientationPortrait UIInterfaceOrientationLandscapeLeft UIInterfaceOrientationLandscapeRight";
				IPHONEOS_DEPLOYMENT_TARGET = 13.0;
				LD_RUNPATH_SEARCH_PATHS = (
					"$(inherited)",
					"@executable_path/Frameworks",
				);
				MARKETING_VERSION = 1.0;
				PRODUCT_BUNDLE_IDENTIFIER = "dzw.RACTableView-Swift";
				PRODUCT_NAME = "$(TARGET_NAME)";
				SWIFT_EMIT_LOC_STRINGS = YES;
				SWIFT_VERSION = 5.0;
				TARGETED_DEVICE_FAMILY = "1,2";
			};
			name = Debug;
		};
		780EFE132D0C10BC00537240 /* Release */ = {
			isa = XCBuildConfiguration;
			baseConfigurationReference = 4B5D20640FFD189DB2199BBA /* Pods-RACTableView-Swift.release.xcconfig */;
			buildSettings = {
				ASSETCATALOG_COMPILER_APPICON_NAME = AppIcon;
				ASSETCATALOG_COMPILER_GLOBAL_ACCENT_COLOR_NAME = AccentColor;
				CODE_SIGN_STYLE = Automatic;
				CURRENT_PROJECT_VERSION = 1;
				DEVELOPMENT_TEAM = 97KXK82D47;
				ENABLE_USER_SCRIPT_SANDBOXING = NO;
				GENERATE_INFOPLIST_FILE = YES;
				INFOPLIST_FILE = "RACTableView-Swift/Info.plist";
				INFOPLIST_KEY_UIApplicationSupportsIndirectInputEvents = YES;
				INFOPLIST_KEY_UILaunchStoryboardName = LaunchScreen;
				INFOPLIST_KEY_UIMainStoryboardFile = Main;
				INFOPLIST_KEY_UISupportedInterfaceOrientations_iPad = "UIInterfaceOrientationPortrait UIInterfaceOrientationPortraitUpsideDown UIInterfaceOrientationLandscapeLeft UIInterfaceOrientationLandscapeRight";
				INFOPLIST_KEY_UISupportedInterfaceOrientations_iPhone = "UIInterfaceOrientationPortrait UIInterfaceOrientationLandscapeLeft UIInterfaceOrientationLandscapeRight";
				IPHONEOS_DEPLOYMENT_TARGET = 13.0;
				LD_RUNPATH_SEARCH_PATHS = (
					"$(inherited)",
					"@executable_path/Frameworks",
				);
				MARKETING_VERSION = 1.0;
				PRODUCT_BUNDLE_IDENTIFIER = "dzw.RACTableView-Swift";
				PRODUCT_NAME = "$(TARGET_NAME)";
				SWIFT_EMIT_LOC_STRINGS = YES;
				SWIFT_VERSION = 5.0;
				TARGETED_DEVICE_FAMILY = "1,2";
			};
			name = Release;
		};
/* End XCBuildConfiguration section */

/* Begin XCConfigurationList section */
		780EFDF82D0C10BB00537240 /* Build configuration list for PBXProject "RACTableView-Swift" */ = {
			isa = XCConfigurationList;
			buildConfigurations = (
				780EFE0F2D0C10BC00537240 /* Debug */,
				780EFE102D0C10BC00537240 /* Release */,
			);
			defaultConfigurationIsVisible = 0;
			defaultConfigurationName = Release;
		};
		780EFE112D0C10BC00537240 /* Build configuration list for PBXNativeTarget "RACTableView-Swift" */ = {
			isa = XCConfigurationList;
			buildConfigurations = (
				780EFE122D0C10BC00537240 /* Debug */,
				780EFE132D0C10BC00537240 /* Release */,
			);
			defaultConfigurationIsVisible = 0;
			defaultConfigurationName = Release;
		};
/* End XCConfigurationList section */
	};
	rootObject = 780EFDF52D0C10BB00537240 /* Project object */;
}
