// !$*UTF8*$!
{
	archiveVersion = 1;
	classes = {
	};
	objectVersion = 51;
	objects = {

/* Begin PBXBuildFile section */
		040DFBA8269BEC6600E22CD2 /* AppDelegate.m in Sources */ = {isa = PBXBuildFile; fileRef = 040DFBA7269BEC6600E22CD2 /* AppDelegate.m */; };
		040DFBAB269BEC6600E22CD2 /* SceneDelegate.m in Sources */ = {isa = PBXBuildFile; fileRef = 040DFBAA269BEC6600E22CD2 /* SceneDelegate.m */; };
		040DFBAE269BEC6600E22CD2 /* ViewController.m in Sources */ = {isa = PBXBuildFile; fileRef = 040DFBAD269BEC6600E22CD2 /* ViewController.m */; };
		040DFBB1269BEC6600E22CD2 /* Main.storyboard in Resources */ = {isa = PBXBuildFile; fileRef = 040DFBAF269BEC6600E22CD2 /* Main.storyboard */; };
		040DFBB3269BEC6800E22CD2 /* Assets.xcassets in Resources */ = {isa = PBXBuildFile; fileRef = 040DFBB2269BEC6800E22CD2 /* Assets.xcassets */; };
		040DFBB6269BEC6800E22CD2 /* LaunchScreen.storyboard in Resources */ = {isa = PBXBuildFile; fileRef = 040DFBB4269BEC6800E22CD2 /* LaunchScreen.storyboard */; };
		040DFBB9269BEC6800E22CD2 /* main.m in Sources */ = {isa = PBXBuildFile; fileRef = 040DFBB8269BEC6800E22CD2 /* main.m */; };
		040DFC29269BF1DD00E22CD2 /* DzwTestSectionHeader.m in Sources */ = {isa = PBXBuildFile; fileRef = 040DFC0D269BF1DD00E22CD2 /* DzwTestSectionHeader.m */; };
		040DFC2A269BF1DD00E22CD2 /* DzwTestSectionFooter.m in Sources */ = {isa = PBXBuildFile; fileRef = 040DFC0E269BF1DD00E22CD2 /* DzwTestSectionFooter.m */; };
		040DFC2B269BF1DD00E22CD2 /* DzwTestTabCell_2.m in Sources */ = {isa = PBXBuildFile; fileRef = 040DFC0F269BF1DD00E22CD2 /* DzwTestTabCell_2.m */; };
		040DFC2C269BF1DD00E22CD2 /* DzwTestTabCell.m in Sources */ = {isa = PBXBuildFile; fileRef = 040DFC11269BF1DD00E22CD2 /* DzwTestTabCell.m */; };
		040DFC2D269BF1DD00E22CD2 /* DzwTestTabCell.xib in Resources */ = {isa = PBXBuildFile; fileRef = 040DFC12269BF1DD00E22CD2 /* DzwTestTabCell.xib */; };
		040DFC2E269BF1DD00E22CD2 /* DzwTestSubCell.m in Sources */ = {isa = PBXBuildFile; fileRef = 040DFC17269BF1DD00E22CD2 /* DzwTestSubCell.m */; };
		040DFC2F269BF1DD00E22CD2 /* DzwTestTabCell_4.m in Sources */ = {isa = PBXBuildFile; fileRef = 040DFC19269BF1DD00E22CD2 /* DzwTestTabCell_4.m */; };
		040DFC30269BF1DD00E22CD2 /* DzwTestTabCell_3.xib in Resources */ = {isa = PBXBuildFile; fileRef = 040DFC1B269BF1DD00E22CD2 /* DzwTestTabCell_3.xib */; };
		040DFC31269BF1DD00E22CD2 /* DzwTestTabCell_2.xib in Resources */ = {isa = PBXBuildFile; fileRef = 040DFC1C269BF1DD00E22CD2 /* DzwTestTabCell_2.xib */; };
		040DFC32269BF1DD00E22CD2 /* DzwTestTabCell_3.m in Sources */ = {isa = PBXBuildFile; fileRef = 040DFC1D269BF1DD00E22CD2 /* DzwTestTabCell_3.m */; };
		040DFC33269BF1DD00E22CD2 /* DzwTestTabCell_4.xib in Resources */ = {isa = PBXBuildFile; fileRef = 040DFC1E269BF1DD00E22CD2 /* DzwTestTabCell_4.xib */; };
		040DFC34269BF1DD00E22CD2 /* DzwTestTabModel.m in Sources */ = {isa = PBXBuildFile; fileRef = 040DFC1F269BF1DD00E22CD2 /* DzwTestTabModel.m */; };
		040DFC35269BF1DD00E22CD2 /* DzwTestTabVM.m in Sources */ = {isa = PBXBuildFile; fileRef = 040DFC21269BF1DD00E22CD2 /* DzwTestTabVM.m */; };
		040DFC36269BF1DD00E22CD2 /* DzwTestTabVC.m in Sources */ = {isa = PBXBuildFile; fileRef = 040DFC22269BF1DD00E22CD2 /* DzwTestTabVC.m */; };
		040DFC37269BF1DD00E22CD2 /* DzwTestTabModel2.m in Sources */ = {isa = PBXBuildFile; fileRef = 040DFC23269BF1DD00E22CD2 /* DzwTestTabModel2.m */; };
		040DFC3B269BF4B500E22CD2 /* DzwBaseVC.m in Sources */ = {isa = PBXBuildFile; fileRef = 040DFC3A269BF4B500E22CD2 /* DzwBaseVC.m */; };
		040DFC41269BFC1E00E22CD2 /* DzwTool.m in Sources */ = {isa = PBXBuildFile; fileRef = 040DFC40269BFC1E00E22CD2 /* DzwTool.m */; };
		040DFC47269BFDE500E22CD2 /* UIColor+Hex.m in Sources */ = {isa = PBXBuildFile; fileRef = 040DFC46269BFDE500E22CD2 /* UIColor+Hex.m */; };
		040DFC4B269C155F00E22CD2 /* YYFPSLabel.m in Sources */ = {isa = PBXBuildFile; fileRef = 040DFC4A269C155F00E22CD2 /* YYFPSLabel.m */; };
		045AE42126B8E6F000FE1B5A /* UIView+RAC.m in Sources */ = {isa = PBXBuildFile; fileRef = 045AE40D26B8E6F000FE1B5A /* UIView+RAC.m */; };
		045AE42226B8E6F000FE1B5A /* NSObject+RAC.m in Sources */ = {isa = PBXBuildFile; fileRef = 045AE40F26B8E6F000FE1B5A /* NSObject+RAC.m */; };
		045AE42326B8E6F000FE1B5A /* DzwRACProxy.m in Sources */ = {isa = PBXBuildFile; fileRef = 045AE41226B8E6F000FE1B5A /* DzwRACProxy.m */; };
		045AE42426B8E6F000FE1B5A /* UITableView+FDTemplateLayoutCell.m in Sources */ = {isa = PBXBuildFile; fileRef = 045AE41326B8E6F000FE1B5A /* UITableView+FDTemplateLayoutCell.m */; };
		045AE42526B8E6F000FE1B5A /* UITableView+FDKeyedHeightCache.m in Sources */ = {isa = PBXBuildFile; fileRef = 045AE41726B8E6F000FE1B5A /* UITableView+FDKeyedHeightCache.m */; };
		045AE42626B8E6F000FE1B5A /* UITableViewCell+RAC.m in Sources */ = {isa = PBXBuildFile; fileRef = 045AE41826B8E6F000FE1B5A /* UITableViewCell+RAC.m */; };
		045AE42726B8E6F000FE1B5A /* UITableView+FDTemplateLayoutCellDebug.m in Sources */ = {isa = PBXBuildFile; fileRef = 045AE41B26B8E6F000FE1B5A /* UITableView+FDTemplateLayoutCellDebug.m */; };
		045AE42826B8E6F000FE1B5A /* UITableView+RACTableView.m in Sources */ = {isa = PBXBuildFile; fileRef = 045AE41D26B8E6F000FE1B5A /* UITableView+RACTableView.m */; };
		045AE42926B8E6F000FE1B5A /* UITableView+FDIndexPathHeightCache.m in Sources */ = {isa = PBXBuildFile; fileRef = 045AE41E26B8E6F000FE1B5A /* UITableView+FDIndexPathHeightCache.m */; };
		0496E8F72786DFD300147B13 /* DRacTableView.m in Sources */ = {isa = PBXBuildFile; fileRef = 045AE40C26B8E6F000FE1B5A /* DRacTableView.m */; };
		2FA135A0ED1A49AAF416ABF2 /* Pods_RACTable.framework in Frameworks */ = {isa = PBXBuildFile; fileRef = 4F5D81DD619D449CBEA32D5E /* Pods_RACTable.framework */; };
		780361E22A946A150068F69E /* ResponderEventManager.m in Sources */ = {isa = PBXBuildFile; fileRef = 780361DB2A946A150068F69E /* ResponderEventManager.m */; };
		780361E32A946A150068F69E /* UIResponder+DResponderRouter.m in Sources */ = {isa = PBXBuildFile; fileRef = 780361DE2A946A150068F69E /* UIResponder+DResponderRouter.m */; };
		780361E42A946A150068F69E /* DResponderRouteConst.m in Sources */ = {isa = PBXBuildFile; fileRef = 780361E02A946A150068F69E /* DResponderRouteConst.m */; };
		7809C46A2AA87152008316D1 /* UIResponder+Router.m in Sources */ = {isa = PBXBuildFile; fileRef = 7809C4662AA87152008316D1 /* UIResponder+Router.m */; };
		7809C46B2AA87152008316D1 /* UIViewController+Event.m in Sources */ = {isa = PBXBuildFile; fileRef = 7809C4672AA87152008316D1 /* UIViewController+Event.m */; };
		7809C46F2AA8743C008316D1 /* DzwTestResponsechainCell.m in Sources */ = {isa = PBXBuildFile; fileRef = 7809C46D2AA8743B008316D1 /* DzwTestResponsechainCell.m */; };
		7809C4702AA8743C008316D1 /* DzwTestResponsechainCell.xib in Resources */ = {isa = PBXBuildFile; fileRef = 7809C46E2AA8743B008316D1 /* DzwTestResponsechainCell.xib */; };
/* End PBXBuildFile section */

/* Begin PBXContainerItemProxy section */
		040DFBBF269BEC6800E22CD2 /* PBXContainerItemProxy */ = {
			isa = PBXContainerItemProxy;
			containerPortal = 040DFB9B269BEC6600E22CD2 /* Project object */;
			proxyType = 1;
			remoteGlobalIDString = 040DFBA2269BEC6600E22CD2;
			remoteInfo = RACTable;
		};
		040DFBCA269BEC6800E22CD2 /* PBXContainerItemProxy */ = {
			isa = PBXContainerItemProxy;
			containerPortal = 040DFB9B269BEC6600E22CD2 /* Project object */;
			proxyType = 1;
			remoteGlobalIDString = 040DFBA2269BEC6600E22CD2;
			remoteInfo = RACTable;
		};
/* End PBXContainerItemProxy section */

/* Begin PBXFileReference section */
		040DFBA3269BEC6600E22CD2 /* RACTable.app */ = {isa = PBXFileReference; explicitFileType = wrapper.application; includeInIndex = 0; path = RACTable.app; sourceTree = BUILT_PRODUCTS_DIR; };
		040DFBA6269BEC6600E22CD2 /* AppDelegate.h */ = {isa = PBXFileReference; lastKnownFileType = sourcecode.c.h; path = AppDelegate.h; sourceTree = "<group>"; };
		040DFBA7269BEC6600E22CD2 /* AppDelegate.m */ = {isa = PBXFileReference; lastKnownFileType = sourcecode.c.objc; path = AppDelegate.m; sourceTree = "<group>"; };
		040DFBA9269BEC6600E22CD2 /* SceneDelegate.h */ = {isa = PBXFileReference; lastKnownFileType = sourcecode.c.h; path = SceneDelegate.h; sourceTree = "<group>"; };
		040DFBAA269BEC6600E22CD2 /* SceneDelegate.m */ = {isa = PBXFileReference; lastKnownFileType = sourcecode.c.objc; path = SceneDelegate.m; sourceTree = "<group>"; };
		040DFBAC269BEC6600E22CD2 /* ViewController.h */ = {isa = PBXFileReference; lastKnownFileType = sourcecode.c.h; path = ViewController.h; sourceTree = "<group>"; };
		040DFBAD269BEC6600E22CD2 /* ViewController.m */ = {isa = PBXFileReference; lastKnownFileType = sourcecode.c.objc; path = ViewController.m; sourceTree = "<group>"; };
		040DFBB0269BEC6600E22CD2 /* Base */ = {isa = PBXFileReference; lastKnownFileType = file.storyboard; name = Base; path = Base.lproj/Main.storyboard; sourceTree = "<group>"; };
		040DFBB2269BEC6800E22CD2 /* Assets.xcassets */ = {isa = PBXFileReference; lastKnownFileType = folder.assetcatalog; path = Assets.xcassets; sourceTree = "<group>"; };
		040DFBB5269BEC6800E22CD2 /* Base */ = {isa = PBXFileReference; lastKnownFileType = file.storyboard; name = Base; path = Base.lproj/LaunchScreen.storyboard; sourceTree = "<group>"; };
		040DFBB7269BEC6800E22CD2 /* Info.plist */ = {isa = PBXFileReference; lastKnownFileType = text.plist.xml; path = Info.plist; sourceTree = "<group>"; };
		040DFBB8269BEC6800E22CD2 /* main.m */ = {isa = PBXFileReference; lastKnownFileType = sourcecode.c.objc; path = main.m; sourceTree = "<group>"; };
		040DFBBE269BEC6800E22CD2 /* RACTableTests.xctest */ = {isa = PBXFileReference; explicitFileType = wrapper.cfbundle; includeInIndex = 0; path = RACTableTests.xctest; sourceTree = BUILT_PRODUCTS_DIR; };
		040DFBC9269BEC6800E22CD2 /* RACTableUITests.xctest */ = {isa = PBXFileReference; explicitFileType = wrapper.cfbundle; includeInIndex = 0; path = RACTableUITests.xctest; sourceTree = BUILT_PRODUCTS_DIR; };
		040DFC0A269BF1DD00E22CD2 /* DzwTestTabVC.h */ = {isa = PBXFileReference; fileEncoding = 4; lastKnownFileType = sourcecode.c.h; path = DzwTestTabVC.h; sourceTree = "<group>"; };
		040DFC0B269BF1DD00E22CD2 /* DzwTestTabVM.h */ = {isa = PBXFileReference; fileEncoding = 4; lastKnownFileType = sourcecode.c.h; path = DzwTestTabVM.h; sourceTree = "<group>"; };
		040DFC0D269BF1DD00E22CD2 /* DzwTestSectionHeader.m */ = {isa = PBXFileReference; fileEncoding = 4; lastKnownFileType = sourcecode.c.objc; path = DzwTestSectionHeader.m; sourceTree = "<group>"; };
		040DFC0E269BF1DD00E22CD2 /* DzwTestSectionFooter.m */ = {isa = PBXFileReference; fileEncoding = 4; lastKnownFileType = sourcecode.c.objc; path = DzwTestSectionFooter.m; sourceTree = "<group>"; };
		040DFC0F269BF1DD00E22CD2 /* DzwTestTabCell_2.m */ = {isa = PBXFileReference; fileEncoding = 4; lastKnownFileType = sourcecode.c.objc; path = DzwTestTabCell_2.m; sourceTree = "<group>"; };
		040DFC10269BF1DD00E22CD2 /* DzwTestTabCell_4.h */ = {isa = PBXFileReference; fileEncoding = 4; lastKnownFileType = sourcecode.c.h; path = DzwTestTabCell_4.h; sourceTree = "<group>"; };
		040DFC11269BF1DD00E22CD2 /* DzwTestTabCell.m */ = {isa = PBXFileReference; fileEncoding = 4; lastKnownFileType = sourcecode.c.objc; path = DzwTestTabCell.m; sourceTree = "<group>"; };
		040DFC12269BF1DD00E22CD2 /* DzwTestTabCell.xib */ = {isa = PBXFileReference; fileEncoding = 4; lastKnownFileType = file.xib; path = DzwTestTabCell.xib; sourceTree = "<group>"; };
		040DFC13269BF1DD00E22CD2 /* DzwTestSubCell.h */ = {isa = PBXFileReference; fileEncoding = 4; lastKnownFileType = sourcecode.c.h; path = DzwTestSubCell.h; sourceTree = "<group>"; };
		040DFC14269BF1DD00E22CD2 /* DzwTestTabCell_3.h */ = {isa = PBXFileReference; fileEncoding = 4; lastKnownFileType = sourcecode.c.h; path = DzwTestTabCell_3.h; sourceTree = "<group>"; };
		040DFC15269BF1DD00E22CD2 /* DzwTestSectionFooter.h */ = {isa = PBXFileReference; fileEncoding = 4; lastKnownFileType = sourcecode.c.h; path = DzwTestSectionFooter.h; sourceTree = "<group>"; };
		040DFC16269BF1DD00E22CD2 /* DzwTestSectionHeader.h */ = {isa = PBXFileReference; fileEncoding = 4; lastKnownFileType = sourcecode.c.h; path = DzwTestSectionHeader.h; sourceTree = "<group>"; };
		040DFC17269BF1DD00E22CD2 /* DzwTestSubCell.m */ = {isa = PBXFileReference; fileEncoding = 4; lastKnownFileType = sourcecode.c.objc; path = DzwTestSubCell.m; sourceTree = "<group>"; };
		040DFC18269BF1DD00E22CD2 /* DzwTestTabCell.h */ = {isa = PBXFileReference; fileEncoding = 4; lastKnownFileType = sourcecode.c.h; path = DzwTestTabCell.h; sourceTree = "<group>"; };
		040DFC19269BF1DD00E22CD2 /* DzwTestTabCell_4.m */ = {isa = PBXFileReference; fileEncoding = 4; lastKnownFileType = sourcecode.c.objc; path = DzwTestTabCell_4.m; sourceTree = "<group>"; };
		040DFC1A269BF1DD00E22CD2 /* DzwTestTabCell_2.h */ = {isa = PBXFileReference; fileEncoding = 4; lastKnownFileType = sourcecode.c.h; path = DzwTestTabCell_2.h; sourceTree = "<group>"; };
		040DFC1B269BF1DD00E22CD2 /* DzwTestTabCell_3.xib */ = {isa = PBXFileReference; fileEncoding = 4; lastKnownFileType = file.xib; path = DzwTestTabCell_3.xib; sourceTree = "<group>"; };
		040DFC1C269BF1DD00E22CD2 /* DzwTestTabCell_2.xib */ = {isa = PBXFileReference; fileEncoding = 4; lastKnownFileType = file.xib; path = DzwTestTabCell_2.xib; sourceTree = "<group>"; };
		040DFC1D269BF1DD00E22CD2 /* DzwTestTabCell_3.m */ = {isa = PBXFileReference; fileEncoding = 4; lastKnownFileType = sourcecode.c.objc; path = DzwTestTabCell_3.m; sourceTree = "<group>"; };
		040DFC1E269BF1DD00E22CD2 /* DzwTestTabCell_4.xib */ = {isa = PBXFileReference; fileEncoding = 4; lastKnownFileType = file.xib; path = DzwTestTabCell_4.xib; sourceTree = "<group>"; };
		040DFC1F269BF1DD00E22CD2 /* DzwTestTabModel.m */ = {isa = PBXFileReference; fileEncoding = 4; lastKnownFileType = sourcecode.c.objc; path = DzwTestTabModel.m; sourceTree = "<group>"; };
		040DFC20269BF1DD00E22CD2 /* DzwTestTabModel2.h */ = {isa = PBXFileReference; fileEncoding = 4; lastKnownFileType = sourcecode.c.h; path = DzwTestTabModel2.h; sourceTree = "<group>"; };
		040DFC21269BF1DD00E22CD2 /* DzwTestTabVM.m */ = {isa = PBXFileReference; fileEncoding = 4; lastKnownFileType = sourcecode.c.objc; path = DzwTestTabVM.m; sourceTree = "<group>"; };
		040DFC22269BF1DD00E22CD2 /* DzwTestTabVC.m */ = {isa = PBXFileReference; fileEncoding = 4; lastKnownFileType = sourcecode.c.objc; path = DzwTestTabVC.m; sourceTree = "<group>"; };
		040DFC23269BF1DD00E22CD2 /* DzwTestTabModel2.m */ = {isa = PBXFileReference; fileEncoding = 4; lastKnownFileType = sourcecode.c.objc; path = DzwTestTabModel2.m; sourceTree = "<group>"; };
		040DFC24269BF1DD00E22CD2 /* DzwTestTabModel.h */ = {isa = PBXFileReference; fileEncoding = 4; lastKnownFileType = sourcecode.c.h; path = DzwTestTabModel.h; sourceTree = "<group>"; };
		040DFC39269BF4B500E22CD2 /* DzwBaseVC.h */ = {isa = PBXFileReference; lastKnownFileType = sourcecode.c.h; path = DzwBaseVC.h; sourceTree = "<group>"; };
		040DFC3A269BF4B500E22CD2 /* DzwBaseVC.m */ = {isa = PBXFileReference; lastKnownFileType = sourcecode.c.objc; path = DzwBaseVC.m; sourceTree = "<group>"; };
		040DFC3D269BF59000E22CD2 /* Dzwheader.pch */ = {isa = PBXFileReference; lastKnownFileType = sourcecode.c.h; path = Dzwheader.pch; sourceTree = "<group>"; };
		040DFC3F269BFC1E00E22CD2 /* DzwTool.h */ = {isa = PBXFileReference; lastKnownFileType = sourcecode.c.h; path = DzwTool.h; sourceTree = "<group>"; };
		040DFC40269BFC1E00E22CD2 /* DzwTool.m */ = {isa = PBXFileReference; lastKnownFileType = sourcecode.c.objc; path = DzwTool.m; sourceTree = "<group>"; };
		040DFC45269BFDE500E22CD2 /* UIColor+Hex.h */ = {isa = PBXFileReference; fileEncoding = 4; lastKnownFileType = sourcecode.c.h; path = "UIColor+Hex.h"; sourceTree = "<group>"; };
		040DFC46269BFDE500E22CD2 /* UIColor+Hex.m */ = {isa = PBXFileReference; fileEncoding = 4; lastKnownFileType = sourcecode.c.objc; path = "UIColor+Hex.m"; sourceTree = "<group>"; };
		040DFC49269C155F00E22CD2 /* YYFPSLabel.h */ = {isa = PBXFileReference; fileEncoding = 4; lastKnownFileType = sourcecode.c.h; path = YYFPSLabel.h; sourceTree = "<group>"; };
		040DFC4A269C155F00E22CD2 /* YYFPSLabel.m */ = {isa = PBXFileReference; fileEncoding = 4; lastKnownFileType = sourcecode.c.objc; path = YYFPSLabel.m; sourceTree = "<group>"; };
		045AE40B26B8E6F000FE1B5A /* UITableView+FDKeyedHeightCache.h */ = {isa = PBXFileReference; fileEncoding = 4; lastKnownFileType = sourcecode.c.h; path = "UITableView+FDKeyedHeightCache.h"; sourceTree = "<group>"; };
		045AE40C26B8E6F000FE1B5A /* DRacTableView.m */ = {isa = PBXFileReference; fileEncoding = 4; lastKnownFileType = sourcecode.c.objc; path = DRacTableView.m; sourceTree = "<group>"; };
		045AE40D26B8E6F000FE1B5A /* UIView+RAC.m */ = {isa = PBXFileReference; fileEncoding = 4; lastKnownFileType = sourcecode.c.objc; path = "UIView+RAC.m"; sourceTree = "<group>"; };
		045AE40E26B8E6F000FE1B5A /* UITableView+FDTemplateLayoutCellDebug.h */ = {isa = PBXFileReference; fileEncoding = 4; lastKnownFileType = sourcecode.c.h; path = "UITableView+FDTemplateLayoutCellDebug.h"; sourceTree = "<group>"; };
		045AE40F26B8E6F000FE1B5A /* NSObject+RAC.m */ = {isa = PBXFileReference; fileEncoding = 4; lastKnownFileType = sourcecode.c.objc; path = "NSObject+RAC.m"; sourceTree = "<group>"; };
		045AE41026B8E6F000FE1B5A /* UITableViewCell+RAC.h */ = {isa = PBXFileReference; fileEncoding = 4; lastKnownFileType = sourcecode.c.h; path = "UITableViewCell+RAC.h"; sourceTree = "<group>"; };
		045AE41126B8E6F000FE1B5A /* UITableView+RACTableView.h */ = {isa = PBXFileReference; fileEncoding = 4; lastKnownFileType = sourcecode.c.h; path = "UITableView+RACTableView.h"; sourceTree = "<group>"; };
		045AE41226B8E6F000FE1B5A /* DzwRACProxy.m */ = {isa = PBXFileReference; fileEncoding = 4; lastKnownFileType = sourcecode.c.objc; path = DzwRACProxy.m; sourceTree = "<group>"; };
		045AE41326B8E6F000FE1B5A /* UITableView+FDTemplateLayoutCell.m */ = {isa = PBXFileReference; fileEncoding = 4; lastKnownFileType = sourcecode.c.objc; path = "UITableView+FDTemplateLayoutCell.m"; sourceTree = "<group>"; };
		045AE41426B8E6F000FE1B5A /* UITableView+FDIndexPathHeightCache.h */ = {isa = PBXFileReference; fileEncoding = 4; lastKnownFileType = sourcecode.c.h; path = "UITableView+FDIndexPathHeightCache.h"; sourceTree = "<group>"; };
		045AE41526B8E6F000FE1B5A /* UIView+RAC.h */ = {isa = PBXFileReference; fileEncoding = 4; lastKnownFileType = sourcecode.c.h; path = "UIView+RAC.h"; sourceTree = "<group>"; };
		045AE41626B8E6F000FE1B5A /* DRacTableView.h */ = {isa = PBXFileReference; fileEncoding = 4; lastKnownFileType = sourcecode.c.h; path = DRacTableView.h; sourceTree = "<group>"; };
		045AE41726B8E6F000FE1B5A /* UITableView+FDKeyedHeightCache.m */ = {isa = PBXFileReference; fileEncoding = 4; lastKnownFileType = sourcecode.c.objc; path = "UITableView+FDKeyedHeightCache.m"; sourceTree = "<group>"; };
		045AE41826B8E6F000FE1B5A /* UITableViewCell+RAC.m */ = {isa = PBXFileReference; fileEncoding = 4; lastKnownFileType = sourcecode.c.objc; path = "UITableViewCell+RAC.m"; sourceTree = "<group>"; };
		045AE41926B8E6F000FE1B5A /* RACTableView.h */ = {isa = PBXFileReference; fileEncoding = 4; lastKnownFileType = sourcecode.c.h; path = RACTableView.h; sourceTree = "<group>"; };
		045AE41A26B8E6F000FE1B5A /* NSObject+RAC.h */ = {isa = PBXFileReference; fileEncoding = 4; lastKnownFileType = sourcecode.c.h; path = "NSObject+RAC.h"; sourceTree = "<group>"; };
		045AE41B26B8E6F000FE1B5A /* UITableView+FDTemplateLayoutCellDebug.m */ = {isa = PBXFileReference; fileEncoding = 4; lastKnownFileType = sourcecode.c.objc; path = "UITableView+FDTemplateLayoutCellDebug.m"; sourceTree = "<group>"; };
		045AE41C26B8E6F000FE1B5A /* DzwRACProxy.h */ = {isa = PBXFileReference; fileEncoding = 4; lastKnownFileType = sourcecode.c.h; path = DzwRACProxy.h; sourceTree = "<group>"; };
		045AE41D26B8E6F000FE1B5A /* UITableView+RACTableView.m */ = {isa = PBXFileReference; fileEncoding = 4; lastKnownFileType = sourcecode.c.objc; path = "UITableView+RACTableView.m"; sourceTree = "<group>"; };
		045AE41E26B8E6F000FE1B5A /* UITableView+FDIndexPathHeightCache.m */ = {isa = PBXFileReference; fileEncoding = 4; lastKnownFileType = sourcecode.c.objc; path = "UITableView+FDIndexPathHeightCache.m"; sourceTree = "<group>"; };
		045AE41F26B8E6F000FE1B5A /* UITableView+FDTemplateLayoutCell.h */ = {isa = PBXFileReference; fileEncoding = 4; lastKnownFileType = sourcecode.c.h; path = "UITableView+FDTemplateLayoutCell.h"; sourceTree = "<group>"; };
		04699B8F269EDE590008480A /* CategoryHeader.h */ = {isa = PBXFileReference; lastKnownFileType = sourcecode.c.h; path = CategoryHeader.h; sourceTree = "<group>"; };
		46B093C1C4313BCCC61D349C /* Pods-RACTable.debug.xcconfig */ = {isa = PBXFileReference; includeInIndex = 1; lastKnownFileType = text.xcconfig; name = "Pods-RACTable.debug.xcconfig"; path = "Target Support Files/Pods-RACTable/Pods-RACTable.debug.xcconfig"; sourceTree = "<group>"; };
		4F5D81DD619D449CBEA32D5E /* Pods_RACTable.framework */ = {isa = PBXFileReference; explicitFileType = wrapper.framework; includeInIndex = 0; path = Pods_RACTable.framework; sourceTree = BUILT_PRODUCTS_DIR; };
		5443B1BE0A5DC464D162CBE1 /* Pods-RACTable.release.xcconfig */ = {isa = PBXFileReference; includeInIndex = 1; lastKnownFileType = text.xcconfig; name = "Pods-RACTable.release.xcconfig"; path = "Target Support Files/Pods-RACTable/Pods-RACTable.release.xcconfig"; sourceTree = "<group>"; };
		780361DA2A946A150068F69E /* ResponderEventManager.h */ = {isa = PBXFileReference; fileEncoding = 4; lastKnownFileType = sourcecode.c.h; path = ResponderEventManager.h; sourceTree = "<group>"; };
		780361DB2A946A150068F69E /* ResponderEventManager.m */ = {isa = PBXFileReference; fileEncoding = 4; lastKnownFileType = sourcecode.c.objc; path = ResponderEventManager.m; sourceTree = "<group>"; };
		780361DC2A946A150068F69E /* UIResponder+DResponderRouter.h */ = {isa = PBXFileReference; fileEncoding = 4; lastKnownFileType = sourcecode.c.h; path = "UIResponder+DResponderRouter.h"; sourceTree = "<group>"; };
		780361DD2A946A150068F69E /* DResponderRouteConst.h */ = {isa = PBXFileReference; fileEncoding = 4; lastKnownFileType = sourcecode.c.h; path = DResponderRouteConst.h; sourceTree = "<group>"; };
		780361DE2A946A150068F69E /* UIResponder+DResponderRouter.m */ = {isa = PBXFileReference; fileEncoding = 4; lastKnownFileType = sourcecode.c.objc; path = "UIResponder+DResponderRouter.m"; sourceTree = "<group>"; };
		780361E02A946A150068F69E /* DResponderRouteConst.m */ = {isa = PBXFileReference; fileEncoding = 4; lastKnownFileType = sourcecode.c.objc; path = DResponderRouteConst.m; sourceTree = "<group>"; };
		7809C4632AA87152008316D1 /* UIViewController+Event.h */ = {isa = PBXFileReference; fileEncoding = 4; lastKnownFileType = sourcecode.c.h; path = "UIViewController+Event.h"; sourceTree = "<group>"; };
		7809C4642AA87152008316D1 /* UIResponder+Router.h */ = {isa = PBXFileReference; fileEncoding = 4; lastKnownFileType = sourcecode.c.h; path = "UIResponder+Router.h"; sourceTree = "<group>"; };
		7809C4662AA87152008316D1 /* UIResponder+Router.m */ = {isa = PBXFileReference; fileEncoding = 4; lastKnownFileType = sourcecode.c.objc; path = "UIResponder+Router.m"; sourceTree = "<group>"; };
		7809C4672AA87152008316D1 /* UIViewController+Event.m */ = {isa = PBXFileReference; fileEncoding = 4; lastKnownFileType = sourcecode.c.objc; path = "UIViewController+Event.m"; sourceTree = "<group>"; };
		7809C46C2AA8743B008316D1 /* DzwTestResponsechainCell.h */ = {isa = PBXFileReference; lastKnownFileType = sourcecode.c.h; path = DzwTestResponsechainCell.h; sourceTree = "<group>"; };
		7809C46D2AA8743B008316D1 /* DzwTestResponsechainCell.m */ = {isa = PBXFileReference; lastKnownFileType = sourcecode.c.objc; path = DzwTestResponsechainCell.m; sourceTree = "<group>"; };
		7809C46E2AA8743B008316D1 /* DzwTestResponsechainCell.xib */ = {isa = PBXFileReference; lastKnownFileType = file.xib; path = DzwTestResponsechainCell.xib; sourceTree = "<group>"; };
/* End PBXFileReference section */

/* Begin PBXFrameworksBuildPhase section */
		040DFBA0269BEC6600E22CD2 /* Frameworks */ = {
			isa = PBXFrameworksBuildPhase;
			buildActionMask = 2147483647;
			files = (
				2FA135A0ED1A49AAF416ABF2 /* Pods_RACTable.framework in Frameworks */,
			);
			runOnlyForDeploymentPostprocessing = 0;
		};
		040DFBBB269BEC6800E22CD2 /* Frameworks */ = {
			isa = PBXFrameworksBuildPhase;
			buildActionMask = 2147483647;
			files = (
			);
			runOnlyForDeploymentPostprocessing = 0;
		};
		040DFBC6269BEC6800E22CD2 /* Frameworks */ = {
			isa = PBXFrameworksBuildPhase;
			buildActionMask = 2147483647;
			files = (
			);
			runOnlyForDeploymentPostprocessing = 0;
		};
/* End PBXFrameworksBuildPhase section */

/* Begin PBXGroup section */
		040DFB9A269BEC6600E22CD2 = {
			isa = PBXGroup;
			children = (
				040DFBA5269BEC6600E22CD2 /* RACTable */,
				040DFBA4269BEC6600E22CD2 /* Products */,
				63690B8F813FADD42B7B1F49 /* Pods */,
				FA9FA4939A8C34EDD3FD24A3 /* Frameworks */,
			);
			sourceTree = "<group>";
		};
		040DFBA4269BEC6600E22CD2 /* Products */ = {
			isa = PBXGroup;
			children = (
				040DFBA3269BEC6600E22CD2 /* RACTable.app */,
				040DFBBE269BEC6800E22CD2 /* RACTableTests.xctest */,
				040DFBC9269BEC6800E22CD2 /* RACTableUITests.xctest */,
			);
			name = Products;
			sourceTree = "<group>";
		};
		040DFBA5269BEC6600E22CD2 /* RACTable */ = {
			isa = PBXGroup;
			children = (
				040DFBA6269BEC6600E22CD2 /* AppDelegate.h */,
				040DFBA7269BEC6600E22CD2 /* AppDelegate.m */,
				040DFBA9269BEC6600E22CD2 /* SceneDelegate.h */,
				040DFBAA269BEC6600E22CD2 /* SceneDelegate.m */,
				040DFBAC269BEC6600E22CD2 /* ViewController.h */,
				040DFBAD269BEC6600E22CD2 /* ViewController.m */,
				04699B7A269ED7110008480A /* classes */,
				040DFBFC269BF1DD00E22CD2 /* DemoCode */,
				040DFC48269C155F00E22CD2 /* FPSLabel */,
				040DFBAF269BEC6600E22CD2 /* Main.storyboard */,
				040DFBB2269BEC6800E22CD2 /* Assets.xcassets */,
				040DFBB4269BEC6800E22CD2 /* LaunchScreen.storyboard */,
				040DFBB7269BEC6800E22CD2 /* Info.plist */,
				040DFBB8269BEC6800E22CD2 /* main.m */,
				040DFC3D269BF59000E22CD2 /* Dzwheader.pch */,
				04699B8F269EDE590008480A /* CategoryHeader.h */,
			);
			path = RACTable;
			sourceTree = "<group>";
		};
		040DFBFC269BF1DD00E22CD2 /* DemoCode */ = {
			isa = PBXGroup;
			children = (
				040DFC09269BF1DD00E22CD2 /* demo */,
			);
			path = DemoCode;
			sourceTree = "<group>";
		};
		040DFC09269BF1DD00E22CD2 /* demo */ = {
			isa = PBXGroup;
			children = (
				7878C03228F94E2900673E95 /* VM */,
				7878C03128F94E0E00673E95 /* VC */,
				7878C03028F94E0500673E95 /* Models */,
				040DFC0C269BF1DD00E22CD2 /* cells */,
			);
			path = demo;
			sourceTree = "<group>";
		};
		040DFC0C269BF1DD00E22CD2 /* cells */ = {
			isa = PBXGroup;
			children = (
				040DFC15269BF1DD00E22CD2 /* DzwTestSectionFooter.h */,
				040DFC0E269BF1DD00E22CD2 /* DzwTestSectionFooter.m */,
				040DFC16269BF1DD00E22CD2 /* DzwTestSectionHeader.h */,
				040DFC0D269BF1DD00E22CD2 /* DzwTestSectionHeader.m */,
				040DFC13269BF1DD00E22CD2 /* DzwTestSubCell.h */,
				040DFC17269BF1DD00E22CD2 /* DzwTestSubCell.m */,
				040DFC1A269BF1DD00E22CD2 /* DzwTestTabCell_2.h */,
				040DFC0F269BF1DD00E22CD2 /* DzwTestTabCell_2.m */,
				040DFC1C269BF1DD00E22CD2 /* DzwTestTabCell_2.xib */,
				040DFC14269BF1DD00E22CD2 /* DzwTestTabCell_3.h */,
				040DFC1D269BF1DD00E22CD2 /* DzwTestTabCell_3.m */,
				040DFC1B269BF1DD00E22CD2 /* DzwTestTabCell_3.xib */,
				040DFC10269BF1DD00E22CD2 /* DzwTestTabCell_4.h */,
				040DFC19269BF1DD00E22CD2 /* DzwTestTabCell_4.m */,
				040DFC1E269BF1DD00E22CD2 /* DzwTestTabCell_4.xib */,
				040DFC18269BF1DD00E22CD2 /* DzwTestTabCell.h */,
				040DFC11269BF1DD00E22CD2 /* DzwTestTabCell.m */,
				040DFC12269BF1DD00E22CD2 /* DzwTestTabCell.xib */,
				7809C46C2AA8743B008316D1 /* DzwTestResponsechainCell.h */,
				7809C46D2AA8743B008316D1 /* DzwTestResponsechainCell.m */,
				7809C46E2AA8743B008316D1 /* DzwTestResponsechainCell.xib */,
			);
			path = cells;
			sourceTree = "<group>";
		};
		040DFC38269BF4AB00E22CD2 /* base */ = {
			isa = PBXGroup;
			children = (
				040DFC39269BF4B500E22CD2 /* DzwBaseVC.h */,
				040DFC3A269BF4B500E22CD2 /* DzwBaseVC.m */,
				040DFC3F269BFC1E00E22CD2 /* DzwTool.h */,
				040DFC40269BFC1E00E22CD2 /* DzwTool.m */,
				040DFC45269BFDE500E22CD2 /* UIColor+Hex.h */,
				040DFC46269BFDE500E22CD2 /* UIColor+Hex.m */,
			);
			path = base;
			sourceTree = "<group>";
		};
		040DFC48269C155F00E22CD2 /* FPSLabel */ = {
			isa = PBXGroup;
			children = (
				040DFC49269C155F00E22CD2 /* YYFPSLabel.h */,
				040DFC4A269C155F00E22CD2 /* YYFPSLabel.m */,
			);
			path = FPSLabel;
			sourceTree = "<group>";
		};
		045AE40A26B8E6F000FE1B5A /* RACTableView */ = {
			isa = PBXGroup;
			children = (
				045AE41626B8E6F000FE1B5A /* DRacTableView.h */,
				045AE40C26B8E6F000FE1B5A /* DRacTableView.m */,
				780361DD2A946A150068F69E /* DResponderRouteConst.h */,
				780361E02A946A150068F69E /* DResponderRouteConst.m */,
				045AE41C26B8E6F000FE1B5A /* DzwRACProxy.h */,
				045AE41226B8E6F000FE1B5A /* DzwRACProxy.m */,
				045AE41A26B8E6F000FE1B5A /* NSObject+RAC.h */,
				045AE40F26B8E6F000FE1B5A /* NSObject+RAC.m */,
				045AE41926B8E6F000FE1B5A /* RACTableView.h */,
				780361DA2A946A150068F69E /* ResponderEventManager.h */,
				780361DB2A946A150068F69E /* ResponderEventManager.m */,
				780361DC2A946A150068F69E /* UIResponder+DResponderRouter.h */,
				780361DE2A946A150068F69E /* UIResponder+DResponderRouter.m */,
				7809C4642AA87152008316D1 /* UIResponder+Router.h */,
				7809C4662AA87152008316D1 /* UIResponder+Router.m */,
				045AE41426B8E6F000FE1B5A /* UITableView+FDIndexPathHeightCache.h */,
				045AE41E26B8E6F000FE1B5A /* UITableView+FDIndexPathHeightCache.m */,
				045AE40B26B8E6F000FE1B5A /* UITableView+FDKeyedHeightCache.h */,
				045AE41726B8E6F000FE1B5A /* UITableView+FDKeyedHeightCache.m */,
				045AE41F26B8E6F000FE1B5A /* UITableView+FDTemplateLayoutCell.h */,
				045AE41326B8E6F000FE1B5A /* UITableView+FDTemplateLayoutCell.m */,
				045AE40E26B8E6F000FE1B5A /* UITableView+FDTemplateLayoutCellDebug.h */,
				045AE41B26B8E6F000FE1B5A /* UITableView+FDTemplateLayoutCellDebug.m */,
				045AE41126B8E6F000FE1B5A /* UITableView+RACTableView.h */,
				045AE41D26B8E6F000FE1B5A /* UITableView+RACTableView.m */,
				045AE41026B8E6F000FE1B5A /* UITableViewCell+RAC.h */,
				045AE41826B8E6F000FE1B5A /* UITableViewCell+RAC.m */,
				045AE41526B8E6F000FE1B5A /* UIView+RAC.h */,
				045AE40D26B8E6F000FE1B5A /* UIView+RAC.m */,
				7809C4632AA87152008316D1 /* UIViewController+Event.h */,
				7809C4672AA87152008316D1 /* UIViewController+Event.m */,
			);
			path = RACTableView;
			sourceTree = "<group>";
		};
		04699B7A269ED7110008480A /* classes */ = {
			isa = PBXGroup;
			children = (
				045AE40A26B8E6F000FE1B5A /* RACTableView */,
				040DFC38269BF4AB00E22CD2 /* base */,
			);
			path = classes;
			sourceTree = "<group>";
		};
		63690B8F813FADD42B7B1F49 /* Pods */ = {
			isa = PBXGroup;
			children = (
				46B093C1C4313BCCC61D349C /* Pods-RACTable.debug.xcconfig */,
				5443B1BE0A5DC464D162CBE1 /* Pods-RACTable.release.xcconfig */,
			);
			path = Pods;
			sourceTree = "<group>";
		};
		7878C03028F94E0500673E95 /* Models */ = {
			isa = PBXGroup;
			children = (
				040DFC24269BF1DD00E22CD2 /* DzwTestTabModel.h */,
				040DFC1F269BF1DD00E22CD2 /* DzwTestTabModel.m */,
				040DFC20269BF1DD00E22CD2 /* DzwTestTabModel2.h */,
				040DFC23269BF1DD00E22CD2 /* DzwTestTabModel2.m */,
			);
			path = Models;
			sourceTree = "<group>";
		};
		7878C03128F94E0E00673E95 /* VC */ = {
			isa = PBXGroup;
			children = (
				040DFC0A269BF1DD00E22CD2 /* DzwTestTabVC.h */,
				040DFC22269BF1DD00E22CD2 /* DzwTestTabVC.m */,
			);
			path = VC;
			sourceTree = "<group>";
		};
		7878C03228F94E2900673E95 /* VM */ = {
			isa = PBXGroup;
			children = (
				040DFC0B269BF1DD00E22CD2 /* DzwTestTabVM.h */,
				040DFC21269BF1DD00E22CD2 /* DzwTestTabVM.m */,
			);
			path = VM;
			sourceTree = "<group>";
		};
		FA9FA4939A8C34EDD3FD24A3 /* Frameworks */ = {
			isa = PBXGroup;
			children = (
				4F5D81DD619D449CBEA32D5E /* Pods_RACTable.framework */,
			);
			name = Frameworks;
			sourceTree = "<group>";
		};
/* End PBXGroup section */

/* Begin PBXNativeTarget section */
		040DFBA2269BEC6600E22CD2 /* RACTable */ = {
			isa = PBXNativeTarget;
			buildConfigurationList = 040DFBD2269BEC6800E22CD2 /* Build configuration list for PBXNativeTarget "RACTable" */;
			buildPhases = (
				BF8273FA0F57910BCB7437BD /* [CP] Check Pods Manifest.lock */,
				040DFB9F269BEC6600E22CD2 /* Sources */,
				040DFBA0269BEC6600E22CD2 /* Frameworks */,
				040DFBA1269BEC6600E22CD2 /* Resources */,
				3D1AF4CEB9CF96F11B888789 /* [CP] Embed Pods Frameworks */,
			);
			buildRules = (
			);
			dependencies = (
			);
			name = RACTable;
			productName = RACTable;
			productReference = 040DFBA3269BEC6600E22CD2 /* RACTable.app */;
			productType = "com.apple.product-type.application";
		};
		040DFBBD269BEC6800E22CD2 /* RACTableTests */ = {
			isa = PBXNativeTarget;
			buildConfigurationList = 040DFBD5269BEC6800E22CD2 /* Build configuration list for PBXNativeTarget "RACTableTests" */;
			buildPhases = (
				040DFBBA269BEC6800E22CD2 /* Sources */,
				040DFBBB269BEC6800E22CD2 /* Frameworks */,
				040DFBBC269BEC6800E22CD2 /* Resources */,
			);
			buildRules = (
			);
			dependencies = (
				040DFBC0269BEC6800E22CD2 /* PBXTargetDependency */,
			);
			name = RACTableTests;
			productName = RACTableTests;
			productReference = 040DFBBE269BEC6800E22CD2 /* RACTableTests.xctest */;
			productType = "com.apple.product-type.bundle.unit-test";
		};
		040DFBC8269BEC6800E22CD2 /* RACTableUITests */ = {
			isa = PBXNativeTarget;
			buildConfigurationList = 040DFBD8269BEC6800E22CD2 /* Build configuration list for PBXNativeTarget "RACTableUITests" */;
			buildPhases = (
				040DFBC5269BEC6800E22CD2 /* Sources */,
				040DFBC6269BEC6800E22CD2 /* Frameworks */,
				040DFBC7269BEC6800E22CD2 /* Resources */,
			);
			buildRules = (
			);
			dependencies = (
				040DFBCB269BEC6800E22CD2 /* PBXTargetDependency */,
			);
			name = RACTableUITests;
			productName = RACTableUITests;
			productReference = 040DFBC9269BEC6800E22CD2 /* RACTableUITests.xctest */;
			productType = "com.apple.product-type.bundle.ui-testing";
		};
/* End PBXNativeTarget section */

/* Begin PBXProject section */
		040DFB9B269BEC6600E22CD2 /* Project object */ = {
			isa = PBXProject;
			attributes = {
				LastUpgradeCheck = 1250;
				TargetAttributes = {
					040DFBA2269BEC6600E22CD2 = {
						CreatedOnToolsVersion = 12.5.1;
					};
					040DFBBD269BEC6800E22CD2 = {
						CreatedOnToolsVersion = 12.5.1;
						TestTargetID = 040DFBA2269BEC6600E22CD2;
					};
					040DFBC8269BEC6800E22CD2 = {
						CreatedOnToolsVersion = 12.5.1;
						TestTargetID = 040DFBA2269BEC6600E22CD2;
					};
				};
			};
			buildConfigurationList = 040DFB9E269BEC6600E22CD2 /* Build configuration list for PBXProject "RACTable" */;
			compatibilityVersion = "Xcode 9.3";
			developmentRegion = en;
			hasScannedForEncodings = 0;
			knownRegions = (
				en,
				Base,
			);
			mainGroup = 040DFB9A269BEC6600E22CD2;
			productRefGroup = 040DFBA4269BEC6600E22CD2 /* Products */;
			projectDirPath = "";
			projectRoot = "";
			targets = (
				040DFBA2269BEC6600E22CD2 /* RACTable */,
				040DFBBD269BEC6800E22CD2 /* RACTableTests */,
				040DFBC8269BEC6800E22CD2 /* RACTableUITests */,
			);
		};
/* End PBXProject section */

/* Begin PBXResourcesBuildPhase section */
		040DFBA1269BEC6600E22CD2 /* Resources */ = {
			isa = PBXResourcesBuildPhase;
			buildActionMask = 2147483647;
			files = (
				040DFC30269BF1DD00E22CD2 /* DzwTestTabCell_3.xib in Resources */,
				040DFC31269BF1DD00E22CD2 /* DzwTestTabCell_2.xib in Resources */,
				040DFBB6269BEC6800E22CD2 /* LaunchScreen.storyboard in Resources */,
				040DFC33269BF1DD00E22CD2 /* DzwTestTabCell_4.xib in Resources */,
				7809C4702AA8743C008316D1 /* DzwTestResponsechainCell.xib in Resources */,
				040DFBB3269BEC6800E22CD2 /* Assets.xcassets in Resources */,
				040DFC2D269BF1DD00E22CD2 /* DzwTestTabCell.xib in Resources */,
				040DFBB1269BEC6600E22CD2 /* Main.storyboard in Resources */,
			);
			runOnlyForDeploymentPostprocessing = 0;
		};
		040DFBBC269BEC6800E22CD2 /* Resources */ = {
			isa = PBXResourcesBuildPhase;
			buildActionMask = 2147483647;
			files = (
			);
			runOnlyForDeploymentPostprocessing = 0;
		};
		040DFBC7269BEC6800E22CD2 /* Resources */ = {
			isa = PBXResourcesBuildPhase;
			buildActionMask = 2147483647;
			files = (
			);
			runOnlyForDeploymentPostprocessing = 0;
		};
/* End PBXResourcesBuildPhase section */

/* Begin PBXShellScriptBuildPhase section */
		3D1AF4CEB9CF96F11B888789 /* [CP] Embed Pods Frameworks */ = {
			isa = PBXShellScriptBuildPhase;
			buildActionMask = 2147483647;
			files = (
			);
			inputFileListPaths = (
				"${PODS_ROOT}/Target Support Files/Pods-RACTable/Pods-RACTable-frameworks-${CONFIGURATION}-input-files.xcfilelist",
			);
			name = "[CP] Embed Pods Frameworks";
			outputFileListPaths = (
				"${PODS_ROOT}/Target Support Files/Pods-RACTable/Pods-RACTable-frameworks-${CONFIGURATION}-output-files.xcfilelist",
			);
			runOnlyForDeploymentPostprocessing = 0;
			shellPath = /bin/sh;
			shellScript = "\"${PODS_ROOT}/Target Support Files/Pods-RACTable/Pods-RACTable-frameworks.sh\"\n";
			showEnvVarsInLog = 0;
		};
		BF8273FA0F57910BCB7437BD /* [CP] Check Pods Manifest.lock */ = {
			isa = PBXShellScriptBuildPhase;
			buildActionMask = 2147483647;
			files = (
			);
			inputFileListPaths = (
			);
			inputPaths = (
				"${PODS_PODFILE_DIR_PATH}/Podfile.lock",
				"${PODS_ROOT}/Manifest.lock",
			);
			name = "[CP] Check Pods Manifest.lock";
			outputFileListPaths = (
			);
			outputPaths = (
				"$(DERIVED_FILE_DIR)/Pods-RACTable-checkManifestLockResult.txt",
			);
			runOnlyForDeploymentPostprocessing = 0;
			shellPath = /bin/sh;
			shellScript = "diff \"${PODS_PODFILE_DIR_PATH}/Podfile.lock\" \"${PODS_ROOT}/Manifest.lock\" > /dev/null\nif [ $? != 0 ] ; then\n    # print error to STDERR\n    echo \"error: The sandbox is not in sync with the Podfile.lock. Run 'pod install' or update your CocoaPods installation.\" >&2\n    exit 1\nfi\n# This output is used by Xcode 'outputs' to avoid re-running this script phase.\necho \"SUCCESS\" > \"${SCRIPT_OUTPUT_FILE_0}\"\n";
			showEnvVarsInLog = 0;
		};
/* End PBXShellScriptBuildPhase section */

/* Begin PBXSourcesBuildPhase section */
		040DFB9F269BEC6600E22CD2 /* Sources */ = {
			isa = PBXSourcesBuildPhase;
			buildActionMask = 2147483647;
			files = (
				0496E8F72786DFD300147B13 /* DRacTableView.m in Sources */,
				040DFC2A269BF1DD00E22CD2 /* DzwTestSectionFooter.m in Sources */,
				045AE42826B8E6F000FE1B5A /* UITableView+RACTableView.m in Sources */,
				045AE42926B8E6F000FE1B5A /* UITableView+FDIndexPathHeightCache.m in Sources */,
				780361E42A946A150068F69E /* DResponderRouteConst.m in Sources */,
				040DFC29269BF1DD00E22CD2 /* DzwTestSectionHeader.m in Sources */,
				040DFC35269BF1DD00E22CD2 /* DzwTestTabVM.m in Sources */,
				040DFC36269BF1DD00E22CD2 /* DzwTestTabVC.m in Sources */,
				040DFBAE269BEC6600E22CD2 /* ViewController.m in Sources */,
				780361E32A946A150068F69E /* UIResponder+DResponderRouter.m in Sources */,
				7809C46A2AA87152008316D1 /* UIResponder+Router.m in Sources */,
				040DFC2B269BF1DD00E22CD2 /* DzwTestTabCell_2.m in Sources */,
				040DFBA8269BEC6600E22CD2 /* AppDelegate.m in Sources */,
				040DFC2E269BF1DD00E22CD2 /* DzwTestSubCell.m in Sources */,
				045AE42526B8E6F000FE1B5A /* UITableView+FDKeyedHeightCache.m in Sources */,
				045AE42426B8E6F000FE1B5A /* UITableView+FDTemplateLayoutCell.m in Sources */,
				040DFC3B269BF4B500E22CD2 /* DzwBaseVC.m in Sources */,
				045AE42126B8E6F000FE1B5A /* UIView+RAC.m in Sources */,
				040DFC2F269BF1DD00E22CD2 /* DzwTestTabCell_4.m in Sources */,
				045AE42326B8E6F000FE1B5A /* DzwRACProxy.m in Sources */,
				040DFBB9269BEC6800E22CD2 /* main.m in Sources */,
				780361E22A946A150068F69E /* ResponderEventManager.m in Sources */,
				045AE42226B8E6F000FE1B5A /* NSObject+RAC.m in Sources */,
				040DFC37269BF1DD00E22CD2 /* DzwTestTabModel2.m in Sources */,
				7809C46B2AA87152008316D1 /* UIViewController+Event.m in Sources */,
				7809C46F2AA8743C008316D1 /* DzwTestResponsechainCell.m in Sources */,
				040DFC34269BF1DD00E22CD2 /* DzwTestTabModel.m in Sources */,
				045AE42626B8E6F000FE1B5A /* UITableViewCell+RAC.m in Sources */,
				045AE42726B8E6F000FE1B5A /* UITableView+FDTemplateLayoutCellDebug.m in Sources */,
				040DFBAB269BEC6600E22CD2 /* SceneDelegate.m in Sources */,
				040DFC47269BFDE500E22CD2 /* UIColor+Hex.m in Sources */,
				040DFC4B269C155F00E22CD2 /* YYFPSLabel.m in Sources */,
				040DFC32269BF1DD00E22CD2 /* DzwTestTabCell_3.m in Sources */,
				040DFC41269BFC1E00E22CD2 /* DzwTool.m in Sources */,
				040DFC2C269BF1DD00E22CD2 /* DzwTestTabCell.m in Sources */,
			);
			runOnlyForDeploymentPostprocessing = 0;
		};
		040DFBBA269BEC6800E22CD2 /* Sources */ = {
			isa = PBXSourcesBuildPhase;
			buildActionMask = 2147483647;
			files = (
			);
			runOnlyForDeploymentPostprocessing = 0;
		};
		040DFBC5269BEC6800E22CD2 /* Sources */ = {
			isa = PBXSourcesBuildPhase;
			buildActionMask = 2147483647;
			files = (
			);
			runOnlyForDeploymentPostprocessing = 0;
		};
/* End PBXSourcesBuildPhase section */

/* Begin PBXTargetDependency section */
		040DFBC0269BEC6800E22CD2 /* PBXTargetDependency */ = {
			isa = PBXTargetDependency;
			target = 040DFBA2269BEC6600E22CD2 /* RACTable */;
			targetProxy = 040DFBBF269BEC6800E22CD2 /* PBXContainerItemProxy */;
		};
		040DFBCB269BEC6800E22CD2 /* PBXTargetDependency */ = {
			isa = PBXTargetDependency;
			target = 040DFBA2269BEC6600E22CD2 /* RACTable */;
			targetProxy = 040DFBCA269BEC6800E22CD2 /* PBXContainerItemProxy */;
		};
/* End PBXTargetDependency section */

/* Begin PBXVariantGroup section */
		040DFBAF269BEC6600E22CD2 /* Main.storyboard */ = {
			isa = PBXVariantGroup;
			children = (
				040DFBB0269BEC6600E22CD2 /* Base */,
			);
			name = Main.storyboard;
			sourceTree = "<group>";
		};
		040DFBB4269BEC6800E22CD2 /* LaunchScreen.storyboard */ = {
			isa = PBXVariantGroup;
			children = (
				040DFBB5269BEC6800E22CD2 /* Base */,
			);
			name = LaunchScreen.storyboard;
			sourceTree = "<group>";
		};
/* End PBXVariantGroup section */

/* Begin XCBuildConfiguration section */
		040DFBD0269BEC6800E22CD2 /* Debug */ = {
			isa = XCBuildConfiguration;
			buildSettings = {
				ALWAYS_SEARCH_USER_PATHS = NO;
				CLANG_ANALYZER_NONNULL = YES;
				CLANG_ANALYZER_NUMBER_OBJECT_CONVERSION = YES_AGGRESSIVE;
				CLANG_CXX_LANGUAGE_STANDARD = "gnu++14";
				CLANG_CXX_LIBRARY = "libc++";
				CLANG_ENABLE_MODULES = YES;
				CLANG_ENABLE_OBJC_ARC = YES;
				CLANG_ENABLE_OBJC_WEAK = YES;
				CLANG_WARN_BLOCK_CAPTURE_AUTORELEASING = YES;
				CLANG_WARN_BOOL_CONVERSION = YES;
				CLANG_WARN_COMMA = YES;
				CLANG_WARN_CONSTANT_CONVERSION = YES;
				CLANG_WARN_DEPRECATED_OBJC_IMPLEMENTATIONS = YES;
				CLANG_WARN_DIRECT_OBJC_ISA_USAGE = YES_ERROR;
				CLANG_WARN_DOCUMENTATION_COMMENTS = YES;
				CLANG_WARN_EMPTY_BODY = YES;
				CLANG_WARN_ENUM_CONVERSION = YES;
				CLANG_WARN_INFINITE_RECURSION = YES;
				CLANG_WARN_INT_CONVERSION = YES;
				CLANG_WARN_NON_LITERAL_NULL_CONVERSION = YES;
				CLANG_WARN_OBJC_IMPLICIT_RETAIN_SELF = YES;
				CLANG_WARN_OBJC_LITERAL_CONVERSION = YES;
				CLANG_WARN_OBJC_ROOT_CLASS = YES_ERROR;
				CLANG_WARN_QUOTED_INCLUDE_IN_FRAMEWORK_HEADER = YES;
				CLANG_WARN_RANGE_LOOP_ANALYSIS = YES;
				CLANG_WARN_STRICT_PROTOTYPES = YES;
				CLANG_WARN_SUSPICIOUS_MOVE = YES;
				CLANG_WARN_UNGUARDED_AVAILABILITY = YES_AGGRESSIVE;
				CLANG_WARN_UNREACHABLE_CODE = YES;
				CLANG_WARN__DUPLICATE_METHOD_MATCH = YES;
				COPY_PHASE_STRIP = NO;
				DEBUG_INFORMATION_FORMAT = dwarf;
				ENABLE_STRICT_OBJC_MSGSEND = YES;
				ENABLE_TESTABILITY = YES;
				GCC_C_LANGUAGE_STANDARD = gnu11;
				GCC_DYNAMIC_NO_PIC = NO;
				GCC_NO_COMMON_BLOCKS = YES;
				GCC_OPTIMIZATION_LEVEL = 0;
				GCC_PREPROCESSOR_DEFINITIONS = (
					"DEBUG=1",
					"$(inherited)",
				);
				GCC_WARN_64_TO_32_BIT_CONVERSION = YES;
				GCC_WARN_ABOUT_RETURN_TYPE = YES_ERROR;
				GCC_WARN_UNDECLARED_SELECTOR = YES;
				GCC_WARN_UNINITIALIZED_AUTOS = YES_AGGRESSIVE;
				GCC_WARN_UNUSED_FUNCTION = YES;
				GCC_WARN_UNUSED_VARIABLE = YES;
				IPHONEOS_DEPLOYMENT_TARGET = 14.5;
				MTL_ENABLE_DEBUG_INFO = INCLUDE_SOURCE;
				MTL_FAST_MATH = YES;
				ONLY_ACTIVE_ARCH = YES;
				SDKROOT = iphoneos;
			};
			name = Debug;
		};
		040DFBD1269BEC6800E22CD2 /* Release */ = {
			isa = XCBuildConfiguration;
			buildSettings = {
				ALWAYS_SEARCH_USER_PATHS = NO;
				CLANG_ANALYZER_NONNULL = YES;
				CLANG_ANALYZER_NUMBER_OBJECT_CONVERSION = YES_AGGRESSIVE;
				CLANG_CXX_LANGUAGE_STANDARD = "gnu++14";
				CLANG_CXX_LIBRARY = "libc++";
				CLANG_ENABLE_MODULES = YES;
				CLANG_ENABLE_OBJC_ARC = YES;
				CLANG_ENABLE_OBJC_WEAK = YES;
				CLANG_WARN_BLOCK_CAPTURE_AUTORELEASING = YES;
				CLANG_WARN_BOOL_CONVERSION = YES;
				CLANG_WARN_COMMA = YES;
				CLANG_WARN_CONSTANT_CONVERSION = YES;
				CLANG_WARN_DEPRECATED_OBJC_IMPLEMENTATIONS = YES;
				CLANG_WARN_DIRECT_OBJC_ISA_USAGE = YES_ERROR;
				CLANG_WARN_DOCUMENTATION_COMMENTS = YES;
				CLANG_WARN_EMPTY_BODY = YES;
				CLANG_WARN_ENUM_CONVERSION = YES;
				CLANG_WARN_INFINITE_RECURSION = YES;
				CLANG_WARN_INT_CONVERSION = YES;
				CLANG_WARN_NON_LITERAL_NULL_CONVERSION = YES;
				CLANG_WARN_OBJC_IMPLICIT_RETAIN_SELF = YES;
				CLANG_WARN_OBJC_LITERAL_CONVERSION = YES;
				CLANG_WARN_OBJC_ROOT_CLASS = YES_ERROR;
				CLANG_WARN_QUOTED_INCLUDE_IN_FRAMEWORK_HEADER = YES;
				CLANG_WARN_RANGE_LOOP_ANALYSIS = YES;
				CLANG_WARN_STRICT_PROTOTYPES = YES;
				CLANG_WARN_SUSPICIOUS_MOVE = YES;
				CLANG_WARN_UNGUARDED_AVAILABILITY = YES_AGGRESSIVE;
				CLANG_WARN_UNREACHABLE_CODE = YES;
				CLANG_WARN__DUPLICATE_METHOD_MATCH = YES;
				COPY_PHASE_STRIP = NO;
				DEBUG_INFORMATION_FORMAT = "dwarf-with-dsym";
				ENABLE_NS_ASSERTIONS = NO;
				ENABLE_STRICT_OBJC_MSGSEND = YES;
				GCC_C_LANGUAGE_STANDARD = gnu11;
				GCC_NO_COMMON_BLOCKS = YES;
				GCC_WARN_64_TO_32_BIT_CONVERSION = YES;
				GCC_WARN_ABOUT_RETURN_TYPE = YES_ERROR;
				GCC_WARN_UNDECLARED_SELECTOR = YES;
				GCC_WARN_UNINITIALIZED_AUTOS = YES_AGGRESSIVE;
				GCC_WARN_UNUSED_FUNCTION = YES;
				GCC_WARN_UNUSED_VARIABLE = YES;
				IPHONEOS_DEPLOYMENT_TARGET = 14.5;
				MTL_ENABLE_DEBUG_INFO = NO;
				MTL_FAST_MATH = YES;
				SDKROOT = iphoneos;
				VALIDATE_PRODUCT = YES;
			};
			name = Release;
		};
		040DFBD3269BEC6800E22CD2 /* Debug */ = {
			isa = XCBuildConfiguration;
			baseConfigurationReference = 46B093C1C4313BCCC61D349C /* Pods-RACTable.debug.xcconfig */;
			buildSettings = {
				ASSETCATALOG_COMPILER_APPICON_NAME = AppIcon;
				ASSETCATALOG_COMPILER_GLOBAL_ACCENT_COLOR_NAME = AccentColor;
				CODE_SIGN_STYLE = Automatic;
				DEVELOPMENT_TEAM = 97KXK82D47;
				GCC_PREFIX_HEADER = "$(SRCROOT)/RACTable/Dzwheader.pch";
				INFOPLIST_FILE = RACTable/Info.plist;
				IPHONEOS_DEPLOYMENT_TARGET = 11.0;
				LD_RUNPATH_SEARCH_PATHS = (
					"$(inherited)",
					"@executable_path/Frameworks",
				);
				PRODUCT_BUNDLE_IDENTIFIER = dzw.RACTable;
				PRODUCT_NAME = "$(TARGET_NAME)";
				TARGETED_DEVICE_FAMILY = "1,2";
				WARNING_CFLAGS = "-Wno-ambiguous-macro ";
			};
			name = Debug;
		};
		040DFBD4269BEC6800E22CD2 /* Release */ = {
			isa = XCBuildConfiguration;
			baseConfigurationReference = 5443B1BE0A5DC464D162CBE1 /* Pods-RACTable.release.xcconfig */;
			buildSettings = {
				ASSETCATALOG_COMPILER_APPICON_NAME = AppIcon;
				ASSETCATALOG_COMPILER_GLOBAL_ACCENT_COLOR_NAME = AccentColor;
				CODE_SIGN_STYLE = Automatic;
				DEVELOPMENT_TEAM = 97KXK82D47;
				GCC_PREFIX_HEADER = "$(SRCROOT)/RACTable/Dzwheader.pch";
				INFOPLIST_FILE = RACTable/Info.plist;
				IPHONEOS_DEPLOYMENT_TARGET = 11.0;
				LD_RUNPATH_SEARCH_PATHS = (
					"$(inherited)",
					"@executable_path/Frameworks",
				);
				PRODUCT_BUNDLE_IDENTIFIER = dzw.RACTable;
				PRODUCT_NAME = "$(TARGET_NAME)";
				TARGETED_DEVICE_FAMILY = "1,2";
				WARNING_CFLAGS = "-Wno-ambiguous-macro ";
			};
			name = Release;
		};
		040DFBD6269BEC6800E22CD2 /* Debug */ = {
			isa = XCBuildConfiguration;
			buildSettings = {
				BUNDLE_LOADER = "$(TEST_HOST)";
				CODE_SIGN_STYLE = Automatic;
				DEVELOPMENT_TEAM = 97KXK82D47;
				INFOPLIST_FILE = RACTableTests/Info.plist;
				IPHONEOS_DEPLOYMENT_TARGET = 14.5;
				LD_RUNPATH_SEARCH_PATHS = (
					"$(inherited)",
					"@executable_path/Frameworks",
					"@loader_path/Frameworks",
				);
				PRODUCT_BUNDLE_IDENTIFIER = dzw.RACTableTests;
				PRODUCT_NAME = "$(TARGET_NAME)";
				TARGETED_DEVICE_FAMILY = "1,2";
				TEST_HOST = "$(BUILT_PRODUCTS_DIR)/RACTable.app/RACTable";
			};
			name = Debug;
		};
		040DFBD7269BEC6800E22CD2 /* Release */ = {
			isa = XCBuildConfiguration;
			buildSettings = {
				BUNDLE_LOADER = "$(TEST_HOST)";
				CODE_SIGN_STYLE = Automatic;
				DEVELOPMENT_TEAM = 97KXK82D47;
				INFOPLIST_FILE = RACTableTests/Info.plist;
				IPHONEOS_DEPLOYMENT_TARGET = 14.5;
				LD_RUNPATH_SEARCH_PATHS = (
					"$(inherited)",
					"@executable_path/Frameworks",
					"@loader_path/Frameworks",
				);
				PRODUCT_BUNDLE_IDENTIFIER = dzw.RACTableTests;
				PRODUCT_NAME = "$(TARGET_NAME)";
				TARGETED_DEVICE_FAMILY = "1,2";
				TEST_HOST = "$(BUILT_PRODUCTS_DIR)/RACTable.app/RACTable";
			};
			name = Release;
		};
		040DFBD9269BEC6800E22CD2 /* Debug */ = {
			isa = XCBuildConfiguration;
			buildSettings = {
				CODE_SIGN_STYLE = Automatic;
				DEVELOPMENT_TEAM = 97KXK82D47;
				INFOPLIST_FILE = RACTableUITests/Info.plist;
				LD_RUNPATH_SEARCH_PATHS = (
					"$(inherited)",
					"@executable_path/Frameworks",
					"@loader_path/Frameworks",
				);
				PRODUCT_BUNDLE_IDENTIFIER = dzw.RACTableUITests;
				PRODUCT_NAME = "$(TARGET_NAME)";
				TARGETED_DEVICE_FAMILY = "1,2";
				TEST_TARGET_NAME = RACTable;
			};
			name = Debug;
		};
		040DFBDA269BEC6800E22CD2 /* Release */ = {
			isa = XCBuildConfiguration;
			buildSettings = {
				CODE_SIGN_STYLE = Automatic;
				DEVELOPMENT_TEAM = 97KXK82D47;
				INFOPLIST_FILE = RACTableUITests/Info.plist;
				LD_RUNPATH_SEARCH_PATHS = (
					"$(inherited)",
					"@executable_path/Frameworks",
					"@loader_path/Frameworks",
				);
				PRODUCT_BUNDLE_IDENTIFIER = dzw.RACTableUITests;
				PRODUCT_NAME = "$(TARGET_NAME)";
				TARGETED_DEVICE_FAMILY = "1,2";
				TEST_TARGET_NAME = RACTable;
			};
			name = Release;
		};
/* End XCBuildConfiguration section */

/* Begin XCConfigurationList section */
		040DFB9E269BEC6600E22CD2 /* Build configuration list for PBXProject "RACTable" */ = {
			isa = XCConfigurationList;
			buildConfigurations = (
				040DFBD0269BEC6800E22CD2 /* Debug */,
				040DFBD1269BEC6800E22CD2 /* Release */,
			);
			defaultConfigurationIsVisible = 0;
			defaultConfigurationName = Release;
		};
		040DFBD2269BEC6800E22CD2 /* Build configuration list for PBXNativeTarget "RACTable" */ = {
			isa = XCConfigurationList;
			buildConfigurations = (
				040DFBD3269BEC6800E22CD2 /* Debug */,
				040DFBD4269BEC6800E22CD2 /* Release */,
			);
			defaultConfigurationIsVisible = 0;
			defaultConfigurationName = Release;
		};
		040DFBD5269BEC6800E22CD2 /* Build configuration list for PBXNativeTarget "RACTableTests" */ = {
			isa = XCConfigurationList;
			buildConfigurations = (
				040DFBD6269BEC6800E22CD2 /* Debug */,
				040DFBD7269BEC6800E22CD2 /* Release */,
			);
			defaultConfigurationIsVisible = 0;
			defaultConfigurationName = Release;
		};
		040DFBD8269BEC6800E22CD2 /* Build configuration list for PBXNativeTarget "RACTableUITests" */ = {
			isa = XCConfigurationList;
			buildConfigurations = (
				040DFBD9269BEC6800E22CD2 /* Debug */,
				040DFBDA269BEC6800E22CD2 /* Release */,
			);
			defaultConfigurationIsVisible = 0;
			defaultConfigurationName = Release;
		};
/* End XCConfigurationList section */
	};
	rootObject = 040DFB9B269BEC6600E22CD2 /* Project object */;
}
